{
  "version": 4,
  "terraform_version": "1.0.11",
  "serial": 195,
  "lineage": "4223e444-761f-d75f-d778-024302c177d0",
  "outputs": {},
  "resources": [
    {
      "mode": "data",
      "type": "aws_ami",
      "name": "eks_ami",
      "provider": "provider[\"registry.terraform.io/hashicorp/aws\"]",
      "instances": [
        {
          "schema_version": 0,
          "attributes": {
            "architecture": "x86_64",
            "arn": "arn:aws:ec2:eu-west-1::image/ami-0496007bb2c2b397c",
            "block_device_mappings": [
              {
                "device_name": "/dev/xvda",
                "ebs": {
                  "delete_on_termination": "true",
                  "encrypted": "false",
                  "iops": "0",
                  "snapshot_id": "snap-0f1b548034efc1f12",
                  "throughput": "0",
                  "volume_size": "20",
                  "volume_type": "gp2"
                },
                "no_device": "",
                "virtual_name": ""
              }
            ],
            "creation_date": "2021-11-09T23:12:32.000Z",
            "description": "EKS Kubernetes Worker AMI with AmazonLinux2 image, (k8s: 1.21.5, docker: 20.10.7-3.amzn2, containerd: 1.4.6-3.amzn2)",
            "ena_support": true,
            "executable_users": null,
            "filter": [
              {
                "name": "name",
                "values": [
                  "amazon-eks-node-1.21-v*"
                ]
              }
            ],
            "hypervisor": "xen",
            "id": "ami-0496007bb2c2b397c",
            "image_id": "ami-0496007bb2c2b397c",
            "image_location": "amazon/amazon-eks-node-1.21-v20211109",
            "image_owner_alias": "amazon",
            "image_type": "machine",
            "kernel_id": null,
            "most_recent": true,
            "name": "amazon-eks-node-1.21-v20211109",
            "name_regex": null,
            "owner_id": "602401143452",
            "owners": [
              "amazon"
            ],
            "platform": null,
            "platform_details": "Linux/UNIX",
            "product_codes": [],
            "public": true,
            "ramdisk_id": null,
            "root_device_name": "/dev/xvda",
            "root_device_type": "ebs",
            "root_snapshot_id": "snap-0f1b548034efc1f12",
            "sriov_net_support": "simple",
            "state": "available",
            "state_reason": {
              "code": "UNSET",
              "message": "UNSET"
            },
            "tags": {},
            "usage_operation": "RunInstances",
            "virtualization_type": "hvm"
          },
          "sensitive_attributes": []
        }
      ]
    },
    {
      "mode": "data",
      "type": "aws_availability_zones",
      "name": "available",
      "provider": "provider[\"registry.terraform.io/hashicorp/aws\"]",
      "instances": [
        {
          "schema_version": 0,
          "attributes": {
            "all_availability_zones": null,
            "exclude_names": null,
            "exclude_zone_ids": null,
            "filter": null,
            "group_names": [
              "eu-west-1"
            ],
            "id": "eu-west-1",
            "names": [
              "eu-west-1a",
              "eu-west-1b",
              "eu-west-1c"
            ],
            "state": null,
            "zone_ids": [
              "euw1-az2",
              "euw1-az3",
              "euw1-az1"
            ]
          },
          "sensitive_attributes": []
        }
      ]
    },
    {
      "mode": "data",
      "type": "aws_caller_identity",
      "name": "current",
      "provider": "provider[\"registry.terraform.io/hashicorp/aws\"]",
      "instances": [
        {
          "schema_version": 0,
          "attributes": {
            "account_id": "721151659829",
            "arn": "arn:aws:iam::721151659829:user/zsh-mac-cli-access",
            "id": "721151659829",
            "user_id": "AIDA2PZ75B42U2O2U4U2A"
          },
          "sensitive_attributes": []
        }
      ]
    },
    {
      "mode": "data",
      "type": "aws_eks_cluster",
      "name": "cluster",
      "provider": "provider[\"registry.terraform.io/hashicorp/aws\"]",
      "instances": [
        {
          "schema_version": 0,
          "attributes": {
            "arn": "arn:aws:eks:eu-west-1:721151659829:cluster/eks-zakapay-dev",
            "certificate_authority": [
              {
                "data": "LS0tLS1CRUdJTiBDRVJUSUZJQ0FURS0tLS0tCk1JSUM1ekNDQWMrZ0F3SUJBZ0lCQURBTkJna3Foa2lHOXcwQkFRc0ZBREFWTVJNd0VRWURWUVFERXdwcmRXSmwKY201bGRHVnpNQjRYRFRJeE1URXhNakV4TlRBMU5Gb1hEVE14TVRFeE1ERXhOVEExTkZvd0ZURVRNQkVHQTFVRQpBeE1LYTNWaVpYSnVaWFJsY3pDQ0FTSXdEUVlKS29aSWh2Y05BUUVCQlFBRGdnRVBBRENDQVFvQ2dnRUJBT1JGCk9FZVFuTW44bjdWa2h6a2ExMDV3MEFqT2VNaVAwbi9XbGNkUGtSRjlwazZ1MHNEa0hGUStCcnYweXMwRnJtNVEKU2xqMGVCcFFvVHM3by8vem8xWHlLVVY3Zm9VdXNlbXBINjE0TGZGdW9EaW1uK3NJeEcyQUpzMXpqeUtFUTgwZQpsOVVYVEpMK1k1RlNvRXFuYlZTU2c0WnJFcWNmb0xFdWwwaE9JQkt4N1NqbkIycU95dlJtSjlweEpGVXNwWGk4CldIK1oyTVduSHBLNTRjeitCdmNxa3dZd2lZQTFJSTA3SUhtbENJTnd5MDh0TTFiNE52MmVzNW5WcE4rN2Fac2MKSDFpeTZydHJtNHlzbzArdlQyeWRwWUJYMDVFbVp2VFNsTys1cytUVjhNZlNyNXcvZWlDVWdQWk9vV2tpOFc4UQpsZTlTOHIxZ3V2YlB0M3J4Y2swQ0F3RUFBYU5DTUVBd0RnWURWUjBQQVFIL0JBUURBZ0trTUE4R0ExVWRFd0VCCi93UUZNQU1CQWY4d0hRWURWUjBPQkJZRUZKbG9ONUxreHMvemw4MThvUjBqRlVaaHNQOE5NQTBHQ1NxR1NJYjMKRFFFQkN3VUFBNElCQVFESE5QbWpucDBmdkZFNW5QbVJPUWtlRWdFV2ZRME1jLzNzL0ZITWttU0VyMDh2V3ROWAovL3k0ZnlSM25yZEpVa1FDd3VPQU9QUkZhaWpVRVN1VTRSOWEvOEhyb1diYU5zTkoyQTFkZVAvelA1VlVRclBzCnlobVVWSU8yTlJkQnhNQzROZFdyYXJwZGlOWUtDYmN6cTdmejRTMVk1R3hVOE5KamswNFpXRUk2N2NSdFN5VEIKUCs4RWRtQlYrMVZhUDFYcEVIWGVSSmkzS3NGcWZDYlQ4RndabzNDMFNsd3hEbXZLd2graXJpdGRxLzZvUCtvUApIbFVoUWF2T1NMSDd4TkhQeDl0bTBUTUF4S3ZxVlNtYVRaSjkxSmppckRyeFZ2N1lYLzBJR3gwejBBSDFtQWhLCnhqYm45ajExcGFndzc4Rlp1VElSdjlsMXFuRWlrUitmcGpRRAotLS0tLUVORCBDRVJUSUZJQ0FURS0tLS0tCg=="
              }
            ],
            "created_at": "2021-11-12 11:43:49.522 +0000 UTC",
            "enabled_cluster_log_types": [],
            "endpoint": "https://6E3CEE1B1F7670249C569B9AEC0EE37F.yl4.eu-west-1.eks.amazonaws.com",
            "id": "eks-zakapay-dev",
            "identity": [
              {
                "oidc": [
                  {
                    "issuer": "https://oidc.eks.eu-west-1.amazonaws.com/id/6E3CEE1B1F7670249C569B9AEC0EE37F"
                  }
                ]
              }
            ],
            "kubernetes_network_config": [
              {
                "service_ipv4_cidr": "172.20.0.0/16"
              }
            ],
            "name": "eks-zakapay-dev",
            "platform_version": "eks.3",
            "role_arn": "arn:aws:iam::721151659829:role/eks-zakapay-dev20211112114314510500000001",
            "status": "ACTIVE",
            "tags": {
              "Environment": "default",
              "ManagedBy": "terraform",
              "Owner": "UD",
              "Project": "Project-zakapay-dev"
            },
            "version": "1.21",
            "vpc_config": [
              {
                "cluster_security_group_id": "sg-03b3e259650f5d595",
                "endpoint_private_access": false,
                "endpoint_public_access": true,
                "public_access_cidrs": [
                  "0.0.0.0/0"
                ],
                "security_group_ids": [
                  "sg-02706e4d5310b9eb4"
                ],
                "subnet_ids": [
                  "subnet-042cfd27b22843f4f",
                  "subnet-0868d1b429502e189",
                  "subnet-094a42163094eefc1"
                ],
                "vpc_id": "vpc-0a4b6f51570ace739"
              }
            ]
          },
          "sensitive_attributes": []
        }
      ]
    },
    {
      "mode": "data",
      "type": "aws_eks_cluster_auth",
      "name": "cluster",
      "provider": "provider[\"registry.terraform.io/hashicorp/aws\"]",
      "instances": [
        {
          "schema_version": 0,
          "attributes": {
            "id": "eks-zakapay-dev",
            "name": "eks-zakapay-dev",
            "token": "k8s-aws-v1.aHR0cHM6Ly9zdHMuYW1hem9uYXdzLmNvbS8_QWN0aW9uPUdldENhbGxlcklkZW50aXR5JlZlcnNpb249MjAxMS0wNi0xNSZYLUFtei1BbGdvcml0aG09QVdTNC1ITUFDLVNIQTI1NiZYLUFtei1DcmVkZW50aWFsPUFLSUEyUFo3NUI0MjZOSUlTN0hMJTJGMjAyMTExMTIlMkZ1cy1lYXN0LTElMkZzdHMlMkZhd3M0X3JlcXVlc3QmWC1BbXotRGF0ZT0yMDIxMTExMlQxMTU0NTFaJlgtQW16LUV4cGlyZXM9MCZYLUFtei1TaWduZWRIZWFkZXJzPWhvc3QlM0J4LWs4cy1hd3MtaWQmWC1BbXotU2lnbmF0dXJlPWM5YzhjM2Y2MzMyYTk2ZTQwMTE3OGU4NTk1NjY1MmMxYWUxMzY3NDliMDY0YmI5Yjk2ZmM4NGUxMWI5NTJkMmI"
          },
          "sensitive_attributes": []
        }
      ]
    },
    {
      "mode": "data",
      "type": "aws_iam_policy_document",
      "name": "eks-assume-role-policy",
      "provider": "provider[\"registry.terraform.io/hashicorp/aws\"]",
      "instances": [
        {
          "schema_version": 0,
          "attributes": {
            "id": "1570335526",
            "json": "{\n  \"Version\": \"2012-10-17\",\n  \"Statement\": [\n    {\n      \"Sid\": \"\",\n      \"Effect\": \"Allow\",\n      \"Action\": \"sts:AssumeRole\",\n      \"Principal\": {\n        \"AWS\": \"arn:aws:iam::721151659829:root\"\n      }\n    }\n  ]\n}",
            "override_json": null,
            "override_policy_documents": null,
            "policy_id": null,
            "source_json": null,
            "source_policy_documents": null,
            "statement": [
              {
                "actions": [
                  "sts:AssumeRole"
                ],
                "condition": [],
                "effect": "Allow",
                "not_actions": [],
                "not_principals": [],
                "not_resources": [],
                "principals": [
                  {
                    "identifiers": [
                      "arn:aws:iam::721151659829:root"
                    ],
                    "type": "AWS"
                  }
                ],
                "resources": [],
                "sid": ""
              }
            ],
            "version": "2012-10-17"
          },
          "sensitive_attributes": []
        }
      ]
    },
    {
      "mode": "data",
      "type": "http",
      "name": "workstation-external-ip",
      "provider": "provider[\"registry.terraform.io/hashicorp/http\"]",
      "instances": [
        {
          "schema_version": 0,
          "attributes": {
            "body": "82.65.179.79\n",
            "id": "http://ipv4.icanhazip.com",
            "request_headers": null,
            "response_headers": {
              "Access-Control-Allow-Methods": "GET",
              "Access-Control-Allow-Origin": "*",
              "Alt-Svc": "h3=\":443\"; ma=86400, h3-29=\":443\"; ma=86400, h3-28=\":443\"; ma=86400, h3-27=\":443\"; ma=86400",
              "Cf-Ray": "6acf80293e6740db-CDG",
              "Connection": "keep-alive",
              "Content-Length": "13",
              "Content-Type": "text/plain",
              "Date": "Fri, 12 Nov 2021 11:43:05 GMT",
              "Server": "cloudflare",
              "Set-Cookie": "__cf_bm=1PTn4UB06lO0CARju8wPk1NFOikqJPlmxObs2tZtpNA-1636717385-0-AXy5waRNAy0/+Wx+ho88VgXT9iLMrvT19pyVz5si+fXH1714Rw91XhyvWzFqKQkMVvGr0EGYS6VpbN5My8PEAHI=; path=/; expires=Fri, 12-Nov-21 12:13:05 GMT; domain=.icanhazip.com; HttpOnly; SameSite=None",
              "Vary": "Accept-Encoding"
            },
            "url": "http://ipv4.icanhazip.com"
          },
          "sensitive_attributes": []
        }
      ]
    },
    {
      "mode": "managed",
      "type": "aws_iam_role",
      "name": "eks-assume-role",
      "provider": "provider[\"registry.terraform.io/hashicorp/aws\"]",
      "instances": [
        {
          "schema_version": 0,
          "attributes": {
            "arn": "arn:aws:iam::721151659829:role/eks-zakapay-dev-role-account",
            "assume_role_policy": "{\"Version\":\"2012-10-17\",\"Statement\":[{\"Sid\":\"\",\"Effect\":\"Allow\",\"Principal\":{\"AWS\":\"arn:aws:iam::721151659829:root\"},\"Action\":\"sts:AssumeRole\"}]}",
            "create_date": "2021-11-12T11:43:15Z",
            "description": "",
            "force_detach_policies": false,
            "id": "eks-zakapay-dev-role-account",
            "inline_policy": [
              {
                "name": "",
                "policy": ""
              }
            ],
            "managed_policy_arns": [],
            "max_session_duration": 3600,
            "name": "eks-zakapay-dev-role-account",
            "name_prefix": "",
            "path": "/",
            "permissions_boundary": null,
            "tags": null,
            "tags_all": {},
            "unique_id": "AROA2PZ75B427T3CR4MS4"
          },
          "sensitive_attributes": [],
          "private": "bnVsbA==",
          "dependencies": [
            "data.aws_iam_policy_document.eks-assume-role-policy"
          ],
          "create_before_destroy": true
        }
      ]
    },
    {
      "mode": "managed",
      "type": "aws_iam_role_policy_attachment",
      "name": "eks-attach-role",
      "provider": "provider[\"registry.terraform.io/hashicorp/aws\"]",
      "instances": [
        {
          "schema_version": 0,
          "attributes": {
            "id": "eks-zakapay-dev-role-account-20211112114319243600000005",
            "policy_arn": "arn:aws:iam::aws:policy/AdministratorAccess",
            "role": "eks-zakapay-dev-role-account"
          },
          "sensitive_attributes": [],
          "private": "bnVsbA==",
          "dependencies": [
            "aws_iam_role.eks-assume-role",
            "data.aws_iam_policy_document.eks-assume-role-policy"
          ]
        }
      ]
    },
    {
      "mode": "managed",
      "type": "aws_key_pair",
      "name": "deployer",
      "provider": "provider[\"registry.terraform.io/hashicorp/aws\"]",
      "instances": [
        {
          "schema_version": 1,
          "attributes": {
            "arn": "arn:aws:ec2:eu-west-1:721151659829:key-pair/deployer-key",
            "fingerprint": "57:de:46:06:f6:a0:68:b5:73:7b:56:8c:d6:db:91:e3",
            "id": "deployer-key",
            "key_name": "deployer-key",
            "key_name_prefix": null,
            "key_pair_id": "key-0b8a5fc268e5a8cce",
            "public_key": "ssh-rsa AAAAB3NzaC1yc2EAAAADAQABAAABAQC8pdH9L80Mh7+ysJVk4GbjYetzZknjd+w9WmTnMZE5UczjA4XjvYu8KNkx6uT5mA7XOnK6bAdfQbgIz31Z2D9T/oHnT2E7QV2bbclw+Mb4VJ/jzAO2Ne/69GCYC5tyqUQi+oIifYNCidzIrUNxQsFo6Kjm0vD0Gk8MCsB0WAosQPKB8ykGizFrpNgSDDOiE1WGY8rETwChHXcxZ17H5cDjfaU3cN+E33UwuG3BEGjY/6s60jzigAcZHHAUSeSO+1XOgFjfiFjN4Tw4esQbfbSlzXoz/tYz9/5WdoZswKPsAvTdk3lrAVMKCFR3OxbjK8ipsmc8rtq4pdo3RLo6f41D kader.traore@Kaders-MacBook-Pro.local",
            "tags": null,
            "tags_all": {}
          },
          "sensitive_attributes": [],
          "private": "eyJzY2hlbWFfdmVyc2lvbiI6IjEifQ==",
          "create_before_destroy": true
        }
      ]
    },
    {
      "mode": "managed",
      "type": "aws_launch_template",
      "name": "worker",
      "provider": "provider[\"registry.terraform.io/hashicorp/aws\"]",
      "instances": [
        {
          "schema_version": 0,
          "attributes": {
            "arn": "arn:aws:ec2:eu-west-1:721151659829:launch-template/lt-0651909f6f4d83af1",
            "block_device_mappings": [
              {
                "device_name": "/dev/xvda",
                "ebs": [
                  {
                    "delete_on_termination": "true",
                    "encrypted": "true",
                    "iops": 0,
                    "kms_key_id": "",
                    "snapshot_id": "",
                    "throughput": 0,
                    "volume_size": 100,
                    "volume_type": "gp2"
                  }
                ],
                "no_device": "",
                "virtual_name": ""
              }
            ],
            "capacity_reservation_specification": [],
            "cpu_options": [],
            "credit_specification": [],
            "default_version": 1,
            "description": "EKS Worker Launch Template",
            "disable_api_termination": false,
            "ebs_optimized": "",
            "elastic_gpu_specifications": [],
            "elastic_inference_accelerator": [],
            "enclave_options": [],
            "hibernation_options": [],
            "iam_instance_profile": [],
            "id": "lt-0651909f6f4d83af1",
            "image_id": "ami-0496007bb2c2b397c",
            "instance_initiated_shutdown_behavior": "",
            "instance_market_options": [],
            "instance_type": "t3.small",
            "kernel_id": "",
            "key_name": "deployer-key",
            "latest_version": 1,
            "license_specification": [],
            "metadata_options": [],
            "monitoring": [],
            "name": "zaka-app-zakapay-dev-eks-worker2021111211434121210000000a",
            "name_prefix": "zaka-app-zakapay-dev-eks-worker",
            "network_interfaces": [
              {
                "associate_carrier_ip_address": "",
                "associate_public_ip_address": "false",
                "delete_on_termination": "true",
                "description": "",
                "device_index": 0,
                "interface_type": "",
                "ipv4_address_count": 0,
                "ipv4_addresses": null,
                "ipv6_address_count": 0,
                "ipv6_addresses": null,
                "network_card_index": 0,
                "network_interface_id": "",
                "private_ip_address": "",
                "security_groups": [
                  "sg-0f9b1b6a530201530"
                ],
                "subnet_id": ""
              }
            ],
            "placement": [],
            "ram_disk_id": "",
            "security_group_names": null,
            "tag_specifications": [
              {
                "resource_type": "instance",
                "tags": {
                  "Name": "eks-zakapay-dev-ec2"
                }
              },
              {
                "resource_type": "volume",
                "tags": {
                  "Name": "eks-zakapay-dev-vol"
                }
              }
            ],
            "tags": null,
            "tags_all": {},
            "update_default_version": true,
            "user_data": "",
            "vpc_security_group_ids": null
          },
          "sensitive_attributes": [],
          "private": "bnVsbA==",
          "dependencies": [
            "aws_key_pair.deployer",
            "data.aws_ami.eks_ami",
            "module.eks_cluster.aws_security_group.workers",
            "module.vpc.aws_vpc.this"
          ],
          "create_before_destroy": true
        }
      ]
    },
    {
      "mode": "managed",
      "type": "random_pet",
      "name": "this",
      "provider": "provider[\"registry.terraform.io/hashicorp/random\"]",
      "instances": [
        {
          "schema_version": 0,
          "attributes": {
            "id": "intent-mollusk",
            "keepers": null,
            "length": 2,
            "prefix": null,
            "separator": "-"
          },
          "sensitive_attributes": [],
          "private": "bnVsbA==",
          "create_before_destroy": true
        }
      ]
    },
    {
      "mode": "managed",
      "type": "random_string",
      "name": "suffix",
      "provider": "provider[\"registry.terraform.io/hashicorp/random\"]",
      "instances": [
        {
          "schema_version": 1,
          "attributes": {
            "id": "AQwoBjoZ",
            "keepers": null,
            "length": 8,
            "lower": true,
            "min_lower": 0,
            "min_numeric": 0,
            "min_special": 0,
            "min_upper": 0,
            "number": true,
            "override_special": null,
            "result": "AQwoBjoZ",
            "special": false,
            "upper": true
          },
          "sensitive_attributes": [],
          "private": "eyJzY2hlbWFfdmVyc2lvbiI6IjEifQ=="
        }
      ]
    },
    {
      "module": "module.eks_cluster",
      "mode": "data",
      "type": "aws_ami",
      "name": "eks_worker",
      "provider": "provider[\"registry.terraform.io/hashicorp/aws\"]",
      "instances": []
    },
    {
      "module": "module.eks_cluster",
      "mode": "data",
      "type": "aws_ami",
      "name": "eks_worker_windows",
      "provider": "provider[\"registry.terraform.io/hashicorp/aws\"]",
      "instances": []
    },
    {
      "module": "module.eks_cluster",
      "mode": "data",
      "type": "aws_caller_identity",
      "name": "current",
      "provider": "provider[\"registry.terraform.io/hashicorp/aws\"]",
      "instances": [
        {
          "schema_version": 0,
          "attributes": {
            "account_id": "721151659829",
            "arn": "arn:aws:iam::721151659829:user/zsh-mac-cli-access",
            "id": "721151659829",
            "user_id": "AIDA2PZ75B42U2O2U4U2A"
          },
          "sensitive_attributes": []
        }
      ]
    },
    {
      "module": "module.eks_cluster",
      "mode": "data",
      "type": "aws_iam_instance_profile",
      "name": "custom_worker_group_iam_instance_profile",
      "provider": "provider[\"registry.terraform.io/hashicorp/aws\"]",
      "instances": []
    },
    {
      "module": "module.eks_cluster",
      "mode": "data",
      "type": "aws_iam_instance_profile",
      "name": "custom_worker_group_launch_template_iam_instance_profile",
      "provider": "provider[\"registry.terraform.io/hashicorp/aws\"]",
      "instances": []
    },
    {
      "module": "module.eks_cluster",
      "mode": "data",
      "type": "aws_iam_policy_document",
      "name": "cluster_assume_role_policy",
      "provider": "provider[\"registry.terraform.io/hashicorp/aws\"]",
      "instances": [
        {
          "schema_version": 0,
          "attributes": {
            "id": "2764486067",
            "json": "{\n  \"Version\": \"2012-10-17\",\n  \"Statement\": [\n    {\n      \"Sid\": \"EKSClusterAssumeRole\",\n      \"Effect\": \"Allow\",\n      \"Action\": \"sts:AssumeRole\",\n      \"Principal\": {\n        \"Service\": \"eks.amazonaws.com\"\n      }\n    }\n  ]\n}",
            "override_json": null,
            "override_policy_documents": null,
            "policy_id": null,
            "source_json": null,
            "source_policy_documents": null,
            "statement": [
              {
                "actions": [
                  "sts:AssumeRole"
                ],
                "condition": [],
                "effect": "Allow",
                "not_actions": [],
                "not_principals": [],
                "not_resources": [],
                "principals": [
                  {
                    "identifiers": [
                      "eks.amazonaws.com"
                    ],
                    "type": "Service"
                  }
                ],
                "resources": [],
                "sid": "EKSClusterAssumeRole"
              }
            ],
            "version": "2012-10-17"
          },
          "sensitive_attributes": []
        }
      ]
    },
    {
      "module": "module.eks_cluster",
      "mode": "data",
      "type": "aws_iam_policy_document",
      "name": "cluster_elb_sl_role_creation",
      "provider": "provider[\"registry.terraform.io/hashicorp/aws\"]",
      "instances": [
        {
          "index_key": 0,
          "schema_version": 0,
          "attributes": {
            "id": "3709839417",
            "json": "{\n  \"Version\": \"2012-10-17\",\n  \"Statement\": [\n    {\n      \"Sid\": \"\",\n      \"Effect\": \"Allow\",\n      \"Action\": [\n        \"ec2:DescribeInternetGateways\",\n        \"ec2:DescribeAddresses\",\n        \"ec2:DescribeAccountAttributes\"\n      ],\n      \"Resource\": \"*\"\n    }\n  ]\n}",
            "override_json": null,
            "override_policy_documents": null,
            "policy_id": null,
            "source_json": null,
            "source_policy_documents": null,
            "statement": [
              {
                "actions": [
                  "ec2:DescribeAccountAttributes",
                  "ec2:DescribeAddresses",
                  "ec2:DescribeInternetGateways"
                ],
                "condition": [],
                "effect": "Allow",
                "not_actions": [],
                "not_principals": [],
                "not_resources": [],
                "principals": [],
                "resources": [
                  "*"
                ],
                "sid": ""
              }
            ],
            "version": "2012-10-17"
          },
          "sensitive_attributes": []
        }
      ]
    },
    {
      "module": "module.eks_cluster",
      "mode": "data",
      "type": "aws_iam_policy_document",
      "name": "workers_assume_role_policy",
      "provider": "provider[\"registry.terraform.io/hashicorp/aws\"]",
      "instances": [
        {
          "schema_version": 0,
          "attributes": {
            "id": "3778018924",
            "json": "{\n  \"Version\": \"2012-10-17\",\n  \"Statement\": [\n    {\n      \"Sid\": \"EKSWorkerAssumeRole\",\n      \"Effect\": \"Allow\",\n      \"Action\": \"sts:AssumeRole\",\n      \"Principal\": {\n        \"Service\": \"ec2.amazonaws.com\"\n      }\n    }\n  ]\n}",
            "override_json": null,
            "override_policy_documents": null,
            "policy_id": null,
            "source_json": null,
            "source_policy_documents": null,
            "statement": [
              {
                "actions": [
                  "sts:AssumeRole"
                ],
                "condition": [],
                "effect": "Allow",
                "not_actions": [],
                "not_principals": [],
                "not_resources": [],
                "principals": [
                  {
                    "identifiers": [
                      "ec2.amazonaws.com"
                    ],
                    "type": "Service"
                  }
                ],
                "resources": [],
                "sid": "EKSWorkerAssumeRole"
              }
            ],
            "version": "2012-10-17"
          },
          "sensitive_attributes": []
        }
      ]
    },
    {
      "module": "module.eks_cluster",
      "mode": "data",
      "type": "aws_iam_role",
      "name": "custom_cluster_iam_role",
      "provider": "provider[\"registry.terraform.io/hashicorp/aws\"]",
      "instances": []
    },
    {
      "module": "module.eks_cluster",
      "mode": "data",
      "type": "aws_partition",
      "name": "current",
      "provider": "provider[\"registry.terraform.io/hashicorp/aws\"]",
      "instances": [
        {
          "schema_version": 0,
          "attributes": {
            "dns_suffix": "amazonaws.com",
            "id": "aws",
            "partition": "aws",
            "reverse_dns_prefix": "com.amazonaws"
          },
          "sensitive_attributes": []
        }
      ]
    },
    {
      "module": "module.eks_cluster",
      "mode": "data",
      "type": "http",
      "name": "wait_for_cluster",
      "provider": "provider[\"registry.terraform.io/terraform-aws-modules/http\"]",
      "instances": [
        {
          "index_key": 0,
          "schema_version": 0,
          "attributes": {
            "body": "ok",
            "ca_certificate": "-----BEGIN CERTIFICATE-----\nMIIC5zCCAc+gAwIBAgIBADANBgkqhkiG9w0BAQsFADAVMRMwEQYDVQQDEwprdWJl\ncm5ldGVzMB4XDTIxMTExMjExNTA1NFoXDTMxMTExMDExNTA1NFowFTETMBEGA1UE\nAxMKa3ViZXJuZXRlczCCASIwDQYJKoZIhvcNAQEBBQADggEPADCCAQoCggEBAORF\nOEeQnMn8n7Vkhzka105w0AjOeMiP0n/WlcdPkRF9pk6u0sDkHFQ+Brv0ys0Frm5Q\nSlj0eBpQoTs7o//zo1XyKUV7foUusempH614LfFuoDimn+sIxG2AJs1zjyKEQ80e\nl9UXTJL+Y5FSoEqnbVSSg4ZrEqcfoLEul0hOIBKx7SjnB2qOyvRmJ9pxJFUspXi8\nWH+Z2MWnHpK54cz+BvcqkwYwiYA1II07IHmlCINwy08tM1b4Nv2es5nVpN+7aZsc\nH1iy6rtrm4yso0+vT2ydpYBX05EmZvTSlO+5s+TV8MfSr5w/eiCUgPZOoWki8W8Q\nle9S8r1guvbPt3rxck0CAwEAAaNCMEAwDgYDVR0PAQH/BAQDAgKkMA8GA1UdEwEB\n/wQFMAMBAf8wHQYDVR0OBBYEFJloN5Lkxs/zl818oR0jFUZhsP8NMA0GCSqGSIb3\nDQEBCwUAA4IBAQDHNPmjnp0fvFE5nPmROQkeEgEWfQ0Mc/3s/FHMkmSEr08vWtNX\n//y4fyR3nrdJUkQCwuOAOPRFaijUESuU4R9a/8HroWbaNsNJ2A1deP/zP5VUQrPs\nyhmUVIO2NRdBxMC4NdWrarpdiNYKCbczq7fz4S1Y5GxU8NJjk04ZWEI67cRtSyTB\nP+8EdmBV+1VaP1XpEHXeRJi3KsFqfCbT8FwZo3C0SlwxDmvKwh+iritdq/6oP+oP\nHlUhQavOSLH7xNHPx9tm0TMAxKvqVSmaTZJ91JjirDrxVv7YX/0IGx0z0AH1mAhK\nxjbn9j11pagw78FZuTIRv9l1qnEikR+fpjQD\n-----END CERTIFICATE-----\n",
            "id": "https://6E3CEE1B1F7670249C569B9AEC0EE37F.yl4.eu-west-1.eks.amazonaws.com/healthz",
            "insecure": false,
            "request_headers": null,
            "response_headers": {
              "Cache-Control": "no-cache, private",
              "Content-Length": "2",
              "Content-Type": "text/plain; charset=utf-8",
              "Date": "Fri, 12 Nov 2021 11:54:51 GMT",
              "X-Content-Type-Options": "nosniff",
              "X-Kubernetes-Pf-Flowschema-Uid": "9a5598f0-9f4f-4eb1-9069-320582176b35",
              "X-Kubernetes-Pf-Prioritylevel-Uid": "d284716b-0c1c-4c50-8cc6-b24324ddf3c3"
            },
            "timeout": 300,
            "url": "https://6E3CEE1B1F7670249C569B9AEC0EE37F.yl4.eu-west-1.eks.amazonaws.com/healthz"
          },
          "sensitive_attributes": []
        }
      ]
    },
    {
      "module": "module.eks_cluster",
      "mode": "managed",
      "type": "aws_cloudwatch_log_group",
      "name": "this",
      "provider": "provider[\"registry.terraform.io/hashicorp/aws\"]",
      "instances": []
    },
    {
      "module": "module.eks_cluster",
      "mode": "managed",
      "type": "aws_eks_cluster",
      "name": "this",
      "provider": "provider[\"registry.terraform.io/hashicorp/aws\"]",
      "instances": [
        {
          "index_key": 0,
          "schema_version": 0,
          "attributes": {
            "arn": "arn:aws:eks:eu-west-1:721151659829:cluster/eks-zakapay-dev",
            "certificate_authority": [
              {
                "data": "LS0tLS1CRUdJTiBDRVJUSUZJQ0FURS0tLS0tCk1JSUM1ekNDQWMrZ0F3SUJBZ0lCQURBTkJna3Foa2lHOXcwQkFRc0ZBREFWTVJNd0VRWURWUVFERXdwcmRXSmwKY201bGRHVnpNQjRYRFRJeE1URXhNakV4TlRBMU5Gb1hEVE14TVRFeE1ERXhOVEExTkZvd0ZURVRNQkVHQTFVRQpBeE1LYTNWaVpYSnVaWFJsY3pDQ0FTSXdEUVlKS29aSWh2Y05BUUVCQlFBRGdnRVBBRENDQVFvQ2dnRUJBT1JGCk9FZVFuTW44bjdWa2h6a2ExMDV3MEFqT2VNaVAwbi9XbGNkUGtSRjlwazZ1MHNEa0hGUStCcnYweXMwRnJtNVEKU2xqMGVCcFFvVHM3by8vem8xWHlLVVY3Zm9VdXNlbXBINjE0TGZGdW9EaW1uK3NJeEcyQUpzMXpqeUtFUTgwZQpsOVVYVEpMK1k1RlNvRXFuYlZTU2c0WnJFcWNmb0xFdWwwaE9JQkt4N1NqbkIycU95dlJtSjlweEpGVXNwWGk4CldIK1oyTVduSHBLNTRjeitCdmNxa3dZd2lZQTFJSTA3SUhtbENJTnd5MDh0TTFiNE52MmVzNW5WcE4rN2Fac2MKSDFpeTZydHJtNHlzbzArdlQyeWRwWUJYMDVFbVp2VFNsTys1cytUVjhNZlNyNXcvZWlDVWdQWk9vV2tpOFc4UQpsZTlTOHIxZ3V2YlB0M3J4Y2swQ0F3RUFBYU5DTUVBd0RnWURWUjBQQVFIL0JBUURBZ0trTUE4R0ExVWRFd0VCCi93UUZNQU1CQWY4d0hRWURWUjBPQkJZRUZKbG9ONUxreHMvemw4MThvUjBqRlVaaHNQOE5NQTBHQ1NxR1NJYjMKRFFFQkN3VUFBNElCQVFESE5QbWpucDBmdkZFNW5QbVJPUWtlRWdFV2ZRME1jLzNzL0ZITWttU0VyMDh2V3ROWAovL3k0ZnlSM25yZEpVa1FDd3VPQU9QUkZhaWpVRVN1VTRSOWEvOEhyb1diYU5zTkoyQTFkZVAvelA1VlVRclBzCnlobVVWSU8yTlJkQnhNQzROZFdyYXJwZGlOWUtDYmN6cTdmejRTMVk1R3hVOE5KamswNFpXRUk2N2NSdFN5VEIKUCs4RWRtQlYrMVZhUDFYcEVIWGVSSmkzS3NGcWZDYlQ4RndabzNDMFNsd3hEbXZLd2graXJpdGRxLzZvUCtvUApIbFVoUWF2T1NMSDd4TkhQeDl0bTBUTUF4S3ZxVlNtYVRaSjkxSmppckRyeFZ2N1lYLzBJR3gwejBBSDFtQWhLCnhqYm45ajExcGFndzc4Rlp1VElSdjlsMXFuRWlrUitmcGpRRAotLS0tLUVORCBDRVJUSUZJQ0FURS0tLS0tCg=="
              }
            ],
            "created_at": "2021-11-12 11:43:49.522 +0000 UTC",
            "enabled_cluster_log_types": null,
            "encryption_config": [],
            "endpoint": "https://6E3CEE1B1F7670249C569B9AEC0EE37F.yl4.eu-west-1.eks.amazonaws.com",
            "id": "eks-zakapay-dev",
            "identity": [
              {
                "oidc": [
                  {
                    "issuer": "https://oidc.eks.eu-west-1.amazonaws.com/id/6E3CEE1B1F7670249C569B9AEC0EE37F"
                  }
                ]
              }
            ],
            "kubernetes_network_config": [
              {
                "service_ipv4_cidr": "172.20.0.0/16"
              }
            ],
            "name": "eks-zakapay-dev",
            "platform_version": "eks.3",
            "role_arn": "arn:aws:iam::721151659829:role/eks-zakapay-dev20211112114314510500000001",
            "status": "ACTIVE",
            "tags": {
              "Environment": "default",
              "ManagedBy": "terraform",
              "Owner": "UD",
              "Project": "Project-zakapay-dev"
            },
            "tags_all": {
              "Environment": "default",
              "ManagedBy": "terraform",
              "Owner": "UD",
              "Project": "Project-zakapay-dev"
            },
            "timeouts": {
              "create": "30m",
              "delete": "15m",
              "update": "60m"
            },
            "version": "1.21",
            "vpc_config": [
              {
                "cluster_security_group_id": "sg-03b3e259650f5d595",
                "endpoint_private_access": false,
                "endpoint_public_access": true,
                "public_access_cidrs": [
                  "0.0.0.0/0"
                ],
                "security_group_ids": [
                  "sg-02706e4d5310b9eb4"
                ],
                "subnet_ids": [
                  "subnet-042cfd27b22843f4f",
                  "subnet-0868d1b429502e189",
                  "subnet-094a42163094eefc1"
                ],
                "vpc_id": "vpc-0a4b6f51570ace739"
              }
            ]
          },
          "sensitive_attributes": [],
          "private": "eyJlMmJmYjczMC1lY2FhLTExZTYtOGY4OC0zNDM2M2JjN2M0YzAiOnsiY3JlYXRlIjoxODAwMDAwMDAwMDAwLCJkZWxldGUiOjkwMDAwMDAwMDAwMCwidXBkYXRlIjozNjAwMDAwMDAwMDAwfX0=",
          "dependencies": [
            "data.aws_availability_zones.available",
            "module.eks_cluster.aws_cloudwatch_log_group.this",
            "module.eks_cluster.aws_iam_role.cluster",
            "module.eks_cluster.aws_iam_role_policy_attachment.cluster_AmazonEKSClusterPolicy",
            "module.eks_cluster.aws_iam_role_policy_attachment.cluster_AmazonEKSServicePolicy",
            "module.eks_cluster.aws_iam_role_policy_attachment.cluster_AmazonEKSVPCResourceControllerPolicy",
            "module.eks_cluster.aws_security_group.cluster",
            "module.eks_cluster.aws_security_group.workers",
            "module.eks_cluster.aws_security_group_rule.cluster_egress_internet",
            "module.eks_cluster.aws_security_group_rule.cluster_https_worker_ingress",
            "module.eks_cluster.data.aws_iam_policy_document.cluster_assume_role_policy",
            "module.eks_cluster.data.aws_iam_role.custom_cluster_iam_role",
            "module.eks_cluster.data.aws_partition.current",
            "module.vpc.aws_subnet.public",
            "module.vpc.aws_vpc.this",
            "module.vpc.aws_vpc_ipv4_cidr_block_association.this"
          ],
          "create_before_destroy": true
        }
      ]
    },
    {
      "module": "module.eks_cluster",
      "mode": "managed",
      "type": "aws_iam_instance_profile",
      "name": "workers",
      "provider": "provider[\"registry.terraform.io/hashicorp/aws\"]",
      "instances": []
    },
    {
      "module": "module.eks_cluster",
      "mode": "managed",
      "type": "aws_iam_instance_profile",
      "name": "workers_launch_template",
      "provider": "provider[\"registry.terraform.io/hashicorp/aws\"]",
      "instances": []
    },
    {
      "module": "module.eks_cluster",
      "mode": "managed",
      "type": "aws_iam_policy",
      "name": "cluster_elb_sl_role_creation",
      "provider": "provider[\"registry.terraform.io/hashicorp/aws\"]",
      "instances": [
        {
          "index_key": 0,
          "schema_version": 0,
          "attributes": {
            "arn": "arn:aws:iam::721151659829:policy/eks-zakapay-dev-elb-sl-role-creation20211112114314510900000002",
            "description": "Permissions for EKS to create AWSServiceRoleForElasticLoadBalancing service-linked role",
            "id": "arn:aws:iam::721151659829:policy/eks-zakapay-dev-elb-sl-role-creation20211112114314510900000002",
            "name": "eks-zakapay-dev-elb-sl-role-creation20211112114314510900000002",
            "name_prefix": "eks-zakapay-dev-elb-sl-role-creation",
            "path": "/",
            "policy": "{\n  \"Version\": \"2012-10-17\",\n  \"Statement\": [\n    {\n      \"Sid\": \"\",\n      \"Effect\": \"Allow\",\n      \"Action\": [\n        \"ec2:DescribeInternetGateways\",\n        \"ec2:DescribeAddresses\",\n        \"ec2:DescribeAccountAttributes\"\n      ],\n      \"Resource\": \"*\"\n    }\n  ]\n}",
            "policy_id": "ANPA2PZ75B423DP56P7YS",
            "tags": {
              "Environment": "default",
              "ManagedBy": "terraform",
              "Owner": "UD",
              "Project": "Project-zakapay-dev"
            },
            "tags_all": {
              "Environment": "default",
              "ManagedBy": "terraform",
              "Owner": "UD",
              "Project": "Project-zakapay-dev"
            }
          },
          "sensitive_attributes": [],
          "private": "bnVsbA==",
          "dependencies": [
            "module.eks_cluster.data.aws_iam_policy_document.cluster_elb_sl_role_creation"
          ]
        }
      ]
    },
    {
      "module": "module.eks_cluster",
      "mode": "managed",
      "type": "aws_iam_role",
      "name": "cluster",
      "provider": "provider[\"registry.terraform.io/hashicorp/aws\"]",
      "instances": [
        {
          "index_key": 0,
          "schema_version": 0,
          "attributes": {
            "arn": "arn:aws:iam::721151659829:role/eks-zakapay-dev20211112114314510500000001",
            "assume_role_policy": "{\"Version\":\"2012-10-17\",\"Statement\":[{\"Sid\":\"EKSClusterAssumeRole\",\"Effect\":\"Allow\",\"Principal\":{\"Service\":\"eks.amazonaws.com\"},\"Action\":\"sts:AssumeRole\"}]}",
            "create_date": "2021-11-12T11:43:15Z",
            "description": "",
            "force_detach_policies": true,
            "id": "eks-zakapay-dev20211112114314510500000001",
            "inline_policy": [
              {
                "name": "",
                "policy": ""
              }
            ],
            "managed_policy_arns": [],
            "max_session_duration": 3600,
            "name": "eks-zakapay-dev20211112114314510500000001",
            "name_prefix": "eks-zakapay-dev",
            "path": "/",
            "permissions_boundary": null,
            "tags": {
              "Environment": "default",
              "ManagedBy": "terraform",
              "Owner": "UD",
              "Project": "Project-zakapay-dev"
            },
            "tags_all": {
              "Environment": "default",
              "ManagedBy": "terraform",
              "Owner": "UD",
              "Project": "Project-zakapay-dev"
            },
            "unique_id": "AROA2PZ75B424H6I7ALU4"
          },
          "sensitive_attributes": [],
          "private": "bnVsbA==",
          "dependencies": [
            "module.eks_cluster.data.aws_iam_policy_document.cluster_assume_role_policy"
          ],
          "create_before_destroy": true
        }
      ]
    },
    {
      "module": "module.eks_cluster",
      "mode": "managed",
      "type": "aws_iam_role",
      "name": "workers",
      "provider": "provider[\"registry.terraform.io/hashicorp/aws\"]",
      "instances": [
        {
          "index_key": 0,
          "schema_version": 0,
          "attributes": {
            "arn": "arn:aws:iam::721151659829:role/eks-zakapay-dev2021111211545110850000000c",
            "assume_role_policy": "{\"Version\":\"2012-10-17\",\"Statement\":[{\"Sid\":\"EKSWorkerAssumeRole\",\"Effect\":\"Allow\",\"Principal\":{\"Service\":\"ec2.amazonaws.com\"},\"Action\":\"sts:AssumeRole\"}]}",
            "create_date": "2021-11-12T11:54:52Z",
            "description": "",
            "force_detach_policies": true,
            "id": "eks-zakapay-dev2021111211545110850000000c",
            "inline_policy": [
              {
                "name": "",
                "policy": ""
              }
            ],
            "managed_policy_arns": [],
            "max_session_duration": 3600,
            "name": "eks-zakapay-dev2021111211545110850000000c",
            "name_prefix": "eks-zakapay-dev",
            "path": "/",
            "permissions_boundary": null,
            "tags": {
              "Environment": "default",
              "ManagedBy": "terraform",
              "Owner": "UD",
              "Project": "Project-zakapay-dev"
            },
            "tags_all": {
              "Environment": "default",
              "ManagedBy": "terraform",
              "Owner": "UD",
              "Project": "Project-zakapay-dev"
            },
            "unique_id": "AROA2PZ75B42Y2B4AK2Y5"
          },
          "sensitive_attributes": [],
          "private": "bnVsbA==",
          "dependencies": [
            "data.aws_availability_zones.available",
            "module.eks_cluster.aws_cloudwatch_log_group.this",
            "module.eks_cluster.aws_eks_cluster.this",
            "module.eks_cluster.aws_iam_role.cluster",
            "module.eks_cluster.aws_iam_role_policy_attachment.cluster_AmazonEKSClusterPolicy",
            "module.eks_cluster.aws_iam_role_policy_attachment.cluster_AmazonEKSServicePolicy",
            "module.eks_cluster.aws_iam_role_policy_attachment.cluster_AmazonEKSVPCResourceControllerPolicy",
            "module.eks_cluster.aws_security_group.cluster",
            "module.eks_cluster.aws_security_group.workers",
            "module.eks_cluster.aws_security_group_rule.cluster_egress_internet",
            "module.eks_cluster.aws_security_group_rule.cluster_https_worker_ingress",
            "module.eks_cluster.data.aws_iam_policy_document.cluster_assume_role_policy",
            "module.eks_cluster.data.aws_iam_policy_document.workers_assume_role_policy",
            "module.eks_cluster.data.aws_iam_role.custom_cluster_iam_role",
            "module.eks_cluster.data.aws_partition.current",
            "module.vpc.aws_subnet.public",
            "module.vpc.aws_vpc.this",
            "module.vpc.aws_vpc_ipv4_cidr_block_association.this"
          ],
          "create_before_destroy": true
        }
      ]
    },
    {
      "module": "module.eks_cluster",
      "mode": "managed",
      "type": "aws_iam_role_policy_attachment",
      "name": "cluster_AmazonEKSClusterPolicy",
      "provider": "provider[\"registry.terraform.io/hashicorp/aws\"]",
      "instances": [
        {
          "index_key": 0,
          "schema_version": 0,
          "attributes": {
            "id": "eks-zakapay-dev20211112114314510500000001-20211112114319206500000004",
            "policy_arn": "arn:aws:iam::aws:policy/AmazonEKSClusterPolicy",
            "role": "eks-zakapay-dev20211112114314510500000001"
          },
          "sensitive_attributes": [],
          "private": "bnVsbA==",
          "dependencies": [
            "module.eks_cluster.aws_iam_role.cluster",
            "module.eks_cluster.data.aws_iam_policy_document.cluster_assume_role_policy",
            "module.eks_cluster.data.aws_partition.current"
          ],
          "create_before_destroy": true
        }
      ]
    },
    {
      "module": "module.eks_cluster",
      "mode": "managed",
      "type": "aws_iam_role_policy_attachment",
      "name": "cluster_AmazonEKSServicePolicy",
      "provider": "provider[\"registry.terraform.io/hashicorp/aws\"]",
      "instances": [
        {
          "index_key": 0,
          "schema_version": 0,
          "attributes": {
            "id": "eks-zakapay-dev20211112114314510500000001-20211112114319322600000006",
            "policy_arn": "arn:aws:iam::aws:policy/AmazonEKSServicePolicy",
            "role": "eks-zakapay-dev20211112114314510500000001"
          },
          "sensitive_attributes": [],
          "private": "bnVsbA==",
          "dependencies": [
            "module.eks_cluster.aws_iam_role.cluster",
            "module.eks_cluster.data.aws_iam_policy_document.cluster_assume_role_policy",
            "module.eks_cluster.data.aws_partition.current"
          ],
          "create_before_destroy": true
        }
      ]
    },
    {
      "module": "module.eks_cluster",
      "mode": "managed",
      "type": "aws_iam_role_policy_attachment",
      "name": "cluster_AmazonEKSVPCResourceControllerPolicy",
      "provider": "provider[\"registry.terraform.io/hashicorp/aws\"]",
      "instances": [
        {
          "index_key": 0,
          "schema_version": 0,
          "attributes": {
            "id": "eks-zakapay-dev20211112114314510500000001-20211112114319411500000007",
            "policy_arn": "arn:aws:iam::aws:policy/AmazonEKSVPCResourceController",
            "role": "eks-zakapay-dev20211112114314510500000001"
          },
          "sensitive_attributes": [],
          "private": "bnVsbA==",
          "dependencies": [
            "module.eks_cluster.aws_iam_role.cluster",
            "module.eks_cluster.data.aws_iam_policy_document.cluster_assume_role_policy",
            "module.eks_cluster.data.aws_partition.current"
          ],
          "create_before_destroy": true
        }
      ]
    },
    {
      "module": "module.eks_cluster",
      "mode": "managed",
      "type": "aws_iam_role_policy_attachment",
      "name": "cluster_elb_sl_role_creation",
      "provider": "provider[\"registry.terraform.io/hashicorp/aws\"]",
      "instances": [
        {
          "index_key": 0,
          "schema_version": 0,
          "attributes": {
            "id": "eks-zakapay-dev20211112114314510500000001-20211112114319142100000003",
            "policy_arn": "arn:aws:iam::721151659829:policy/eks-zakapay-dev-elb-sl-role-creation20211112114314510900000002",
            "role": "eks-zakapay-dev20211112114314510500000001"
          },
          "sensitive_attributes": [],
          "private": "bnVsbA==",
          "dependencies": [
            "module.eks_cluster.aws_iam_policy.cluster_elb_sl_role_creation",
            "module.eks_cluster.aws_iam_role.cluster",
            "module.eks_cluster.data.aws_iam_policy_document.cluster_assume_role_policy",
            "module.eks_cluster.data.aws_iam_policy_document.cluster_elb_sl_role_creation"
          ]
        }
      ]
    },
    {
      "module": "module.eks_cluster",
      "mode": "managed",
      "type": "aws_iam_role_policy_attachment",
      "name": "workers_AmazonEC2ContainerRegistryReadOnly",
      "provider": "provider[\"registry.terraform.io/hashicorp/aws\"]",
      "instances": [
        {
          "index_key": 0,
          "schema_version": 0,
          "attributes": {
            "id": "eks-zakapay-dev2021111211545110850000000c-2021111211545650780000000f",
            "policy_arn": "arn:aws:iam::aws:policy/AmazonEC2ContainerRegistryReadOnly",
            "role": "eks-zakapay-dev2021111211545110850000000c"
          },
          "sensitive_attributes": [],
          "private": "bnVsbA==",
          "dependencies": [
            "data.aws_availability_zones.available",
            "module.eks_cluster.aws_cloudwatch_log_group.this",
            "module.eks_cluster.aws_eks_cluster.this",
            "module.eks_cluster.aws_iam_role.cluster",
            "module.eks_cluster.aws_iam_role.workers",
            "module.eks_cluster.aws_iam_role_policy_attachment.cluster_AmazonEKSClusterPolicy",
            "module.eks_cluster.aws_iam_role_policy_attachment.cluster_AmazonEKSServicePolicy",
            "module.eks_cluster.aws_iam_role_policy_attachment.cluster_AmazonEKSVPCResourceControllerPolicy",
            "module.eks_cluster.aws_security_group.cluster",
            "module.eks_cluster.aws_security_group.workers",
            "module.eks_cluster.aws_security_group_rule.cluster_egress_internet",
            "module.eks_cluster.aws_security_group_rule.cluster_https_worker_ingress",
            "module.eks_cluster.data.aws_iam_policy_document.cluster_assume_role_policy",
            "module.eks_cluster.data.aws_iam_policy_document.workers_assume_role_policy",
            "module.eks_cluster.data.aws_iam_role.custom_cluster_iam_role",
            "module.eks_cluster.data.aws_partition.current",
            "module.vpc.aws_subnet.public",
            "module.vpc.aws_vpc.this",
            "module.vpc.aws_vpc_ipv4_cidr_block_association.this"
          ],
          "create_before_destroy": true
        }
      ]
    },
    {
      "module": "module.eks_cluster",
      "mode": "managed",
      "type": "aws_iam_role_policy_attachment",
      "name": "workers_AmazonEKSWorkerNodePolicy",
      "provider": "provider[\"registry.terraform.io/hashicorp/aws\"]",
      "instances": [
        {
          "index_key": 0,
          "schema_version": 0,
          "attributes": {
            "id": "eks-zakapay-dev2021111211545110850000000c-2021111211545632430000000d",
            "policy_arn": "arn:aws:iam::aws:policy/AmazonEKSWorkerNodePolicy",
            "role": "eks-zakapay-dev2021111211545110850000000c"
          },
          "sensitive_attributes": [],
          "private": "bnVsbA==",
          "dependencies": [
            "data.aws_availability_zones.available",
            "module.eks_cluster.aws_cloudwatch_log_group.this",
            "module.eks_cluster.aws_eks_cluster.this",
            "module.eks_cluster.aws_iam_role.cluster",
            "module.eks_cluster.aws_iam_role.workers",
            "module.eks_cluster.aws_iam_role_policy_attachment.cluster_AmazonEKSClusterPolicy",
            "module.eks_cluster.aws_iam_role_policy_attachment.cluster_AmazonEKSServicePolicy",
            "module.eks_cluster.aws_iam_role_policy_attachment.cluster_AmazonEKSVPCResourceControllerPolicy",
            "module.eks_cluster.aws_security_group.cluster",
            "module.eks_cluster.aws_security_group.workers",
            "module.eks_cluster.aws_security_group_rule.cluster_egress_internet",
            "module.eks_cluster.aws_security_group_rule.cluster_https_worker_ingress",
            "module.eks_cluster.data.aws_iam_policy_document.cluster_assume_role_policy",
            "module.eks_cluster.data.aws_iam_policy_document.workers_assume_role_policy",
            "module.eks_cluster.data.aws_iam_role.custom_cluster_iam_role",
            "module.eks_cluster.data.aws_partition.current",
            "module.vpc.aws_subnet.public",
            "module.vpc.aws_vpc.this",
            "module.vpc.aws_vpc_ipv4_cidr_block_association.this"
          ],
          "create_before_destroy": true
        }
      ]
    },
    {
      "module": "module.eks_cluster",
      "mode": "managed",
      "type": "aws_iam_role_policy_attachment",
      "name": "workers_AmazonEKS_CNI_Policy",
      "provider": "provider[\"registry.terraform.io/hashicorp/aws\"]",
      "instances": [
        {
          "index_key": 0,
          "schema_version": 0,
          "attributes": {
            "id": "eks-zakapay-dev2021111211545110850000000c-2021111211545650780000000e",
            "policy_arn": "arn:aws:iam::aws:policy/AmazonEKS_CNI_Policy",
            "role": "eks-zakapay-dev2021111211545110850000000c"
          },
          "sensitive_attributes": [],
          "private": "bnVsbA==",
          "dependencies": [
            "data.aws_availability_zones.available",
            "module.eks_cluster.aws_cloudwatch_log_group.this",
            "module.eks_cluster.aws_eks_cluster.this",
            "module.eks_cluster.aws_iam_role.cluster",
            "module.eks_cluster.aws_iam_role.workers",
            "module.eks_cluster.aws_iam_role_policy_attachment.cluster_AmazonEKSClusterPolicy",
            "module.eks_cluster.aws_iam_role_policy_attachment.cluster_AmazonEKSServicePolicy",
            "module.eks_cluster.aws_iam_role_policy_attachment.cluster_AmazonEKSVPCResourceControllerPolicy",
            "module.eks_cluster.aws_security_group.cluster",
            "module.eks_cluster.aws_security_group.workers",
            "module.eks_cluster.aws_security_group_rule.cluster_egress_internet",
            "module.eks_cluster.aws_security_group_rule.cluster_https_worker_ingress",
            "module.eks_cluster.data.aws_iam_policy_document.cluster_assume_role_policy",
            "module.eks_cluster.data.aws_iam_policy_document.workers_assume_role_policy",
            "module.eks_cluster.data.aws_iam_role.custom_cluster_iam_role",
            "module.eks_cluster.data.aws_partition.current",
            "module.vpc.aws_subnet.public",
            "module.vpc.aws_vpc.this",
            "module.vpc.aws_vpc_ipv4_cidr_block_association.this"
          ],
          "create_before_destroy": true
        }
      ]
    },
    {
      "module": "module.eks_cluster",
      "mode": "managed",
      "type": "aws_security_group",
      "name": "cluster",
      "provider": "provider[\"registry.terraform.io/hashicorp/aws\"]",
      "instances": [
        {
          "index_key": 0,
          "schema_version": 1,
          "attributes": {
            "arn": "arn:aws:ec2:eu-west-1:721151659829:security-group/sg-02706e4d5310b9eb4",
            "description": "EKS cluster security group.",
            "egress": [],
            "id": "sg-02706e4d5310b9eb4",
            "ingress": [],
            "name": "eks-zakapay-dev20211112114336228200000008",
            "name_prefix": "eks-zakapay-dev",
            "owner_id": "721151659829",
            "revoke_rules_on_delete": false,
            "tags": {
              "Environment": "default",
              "ManagedBy": "terraform",
              "Name": "eks-zakapay-dev-eks_cluster_sg",
              "Owner": "UD",
              "Project": "Project-zakapay-dev"
            },
            "tags_all": {
              "Environment": "default",
              "ManagedBy": "terraform",
              "Name": "eks-zakapay-dev-eks_cluster_sg",
              "Owner": "UD",
              "Project": "Project-zakapay-dev"
            },
            "timeouts": null,
            "vpc_id": "vpc-0a4b6f51570ace739"
          },
          "sensitive_attributes": [],
          "private": "eyJlMmJmYjczMC1lY2FhLTExZTYtOGY4OC0zNDM2M2JjN2M0YzAiOnsiY3JlYXRlIjo2MDAwMDAwMDAwMDAsImRlbGV0ZSI6OTAwMDAwMDAwMDAwfSwic2NoZW1hX3ZlcnNpb24iOiIxIn0=",
          "dependencies": [
            "module.vpc.aws_vpc.this"
          ],
          "create_before_destroy": true
        }
      ]
    },
    {
      "module": "module.eks_cluster",
      "mode": "managed",
      "type": "aws_security_group",
      "name": "workers",
      "provider": "provider[\"registry.terraform.io/hashicorp/aws\"]",
      "instances": [
        {
          "index_key": 0,
          "schema_version": 1,
          "attributes": {
            "arn": "arn:aws:ec2:eu-west-1:721151659829:security-group/sg-0f9b1b6a530201530",
            "description": "Security group for all nodes in the cluster.",
            "egress": [],
            "id": "sg-0f9b1b6a530201530",
            "ingress": [],
            "name": "eks-zakapay-dev20211112114336228400000009",
            "name_prefix": "eks-zakapay-dev",
            "owner_id": "721151659829",
            "revoke_rules_on_delete": false,
            "tags": {
              "Environment": "default",
              "ManagedBy": "terraform",
              "Name": "eks-zakapay-dev-eks_worker_sg",
              "Owner": "UD",
              "Project": "Project-zakapay-dev",
              "kubernetes.io/cluster/eks-zakapay-dev": "owned"
            },
            "tags_all": {
              "Environment": "default",
              "ManagedBy": "terraform",
              "Name": "eks-zakapay-dev-eks_worker_sg",
              "Owner": "UD",
              "Project": "Project-zakapay-dev",
              "kubernetes.io/cluster/eks-zakapay-dev": "owned"
            },
            "timeouts": null,
            "vpc_id": "vpc-0a4b6f51570ace739"
          },
          "sensitive_attributes": [],
          "private": "eyJlMmJmYjczMC1lY2FhLTExZTYtOGY4OC0zNDM2M2JjN2M0YzAiOnsiY3JlYXRlIjo2MDAwMDAwMDAwMDAsImRlbGV0ZSI6OTAwMDAwMDAwMDAwfSwic2NoZW1hX3ZlcnNpb24iOiIxIn0=",
          "dependencies": [
            "module.vpc.aws_vpc.this"
          ],
          "create_before_destroy": true
        }
      ]
    },
    {
      "module": "module.eks_cluster",
      "mode": "managed",
      "type": "aws_security_group_rule",
      "name": "cluster_egress_internet",
      "provider": "provider[\"registry.terraform.io/hashicorp/aws\"]",
      "instances": [
        {
          "index_key": 0,
          "schema_version": 2,
          "attributes": {
            "cidr_blocks": [
              "0.0.0.0/0"
            ],
            "description": "Allow cluster egress access to the Internet.",
            "from_port": 0,
            "id": "sgrule-3771894638",
            "ipv6_cidr_blocks": null,
            "prefix_list_ids": null,
            "protocol": "-1",
            "security_group_id": "sg-02706e4d5310b9eb4",
            "self": false,
            "source_security_group_id": null,
            "to_port": 0,
            "type": "egress"
          },
          "sensitive_attributes": [],
          "private": "eyJzY2hlbWFfdmVyc2lvbiI6IjIifQ==",
          "dependencies": [
            "module.eks_cluster.aws_security_group.cluster",
            "module.vpc.aws_vpc.this"
          ],
          "create_before_destroy": true
        }
      ]
    },
    {
      "module": "module.eks_cluster",
      "mode": "managed",
      "type": "aws_security_group_rule",
      "name": "cluster_https_worker_ingress",
      "provider": "provider[\"registry.terraform.io/hashicorp/aws\"]",
      "instances": [
        {
          "index_key": 0,
          "schema_version": 2,
          "attributes": {
            "cidr_blocks": null,
            "description": "Allow pods to communicate with the EKS cluster API.",
            "from_port": 443,
            "id": "sgrule-58411077",
            "ipv6_cidr_blocks": null,
            "prefix_list_ids": null,
            "protocol": "tcp",
            "security_group_id": "sg-02706e4d5310b9eb4",
            "self": false,
            "source_security_group_id": "sg-0f9b1b6a530201530",
            "to_port": 443,
            "type": "ingress"
          },
          "sensitive_attributes": [],
          "private": "eyJzY2hlbWFfdmVyc2lvbiI6IjIifQ==",
          "dependencies": [
            "module.eks_cluster.aws_security_group.cluster",
            "module.eks_cluster.aws_security_group.workers",
            "module.vpc.aws_vpc.this"
          ],
          "create_before_destroy": true
        }
      ]
    },
    {
      "module": "module.eks_cluster",
      "mode": "managed",
      "type": "aws_security_group_rule",
      "name": "cluster_private_access_cidrs_source",
      "provider": "provider[\"registry.terraform.io/hashicorp/aws\"]",
      "instances": []
    },
    {
      "module": "module.eks_cluster",
      "mode": "managed",
      "type": "aws_security_group_rule",
      "name": "cluster_private_access_sg_source",
      "provider": "provider[\"registry.terraform.io/hashicorp/aws\"]",
      "instances": []
    },
    {
      "module": "module.eks_cluster",
      "mode": "managed",
      "type": "aws_security_group_rule",
      "name": "workers_egress_internet",
      "provider": "provider[\"registry.terraform.io/hashicorp/aws\"]",
      "instances": [
        {
          "index_key": 0,
          "schema_version": 2,
          "attributes": {
            "cidr_blocks": [
              "0.0.0.0/0"
            ],
            "description": "Allow nodes all egress to the Internet.",
            "from_port": 0,
            "id": "sgrule-2317649435",
            "ipv6_cidr_blocks": null,
            "prefix_list_ids": null,
            "protocol": "-1",
            "security_group_id": "sg-0f9b1b6a530201530",
            "self": false,
            "source_security_group_id": null,
            "to_port": 0,
            "type": "egress"
          },
          "sensitive_attributes": [],
          "private": "eyJzY2hlbWFfdmVyc2lvbiI6IjIifQ==",
          "dependencies": [
            "module.eks_cluster.aws_security_group.workers",
            "module.vpc.aws_vpc.this"
          ]
        }
      ]
    },
    {
      "module": "module.eks_cluster",
      "mode": "managed",
      "type": "aws_security_group_rule",
      "name": "workers_ingress_cluster",
      "provider": "provider[\"registry.terraform.io/hashicorp/aws\"]",
      "instances": [
        {
          "index_key": 0,
          "schema_version": 2,
          "attributes": {
            "cidr_blocks": null,
            "description": "Allow workers pods to receive communication from the cluster control plane.",
            "from_port": 1025,
            "id": "sgrule-3990120466",
            "ipv6_cidr_blocks": null,
            "prefix_list_ids": null,
            "protocol": "tcp",
            "security_group_id": "sg-0f9b1b6a530201530",
            "self": false,
            "source_security_group_id": "sg-02706e4d5310b9eb4",
            "to_port": 65535,
            "type": "ingress"
          },
          "sensitive_attributes": [],
          "private": "eyJzY2hlbWFfdmVyc2lvbiI6IjIifQ==",
          "dependencies": [
            "module.eks_cluster.aws_security_group.cluster",
            "module.eks_cluster.aws_security_group.workers",
            "module.vpc.aws_vpc.this"
          ]
        }
      ]
    },
    {
      "module": "module.eks_cluster",
      "mode": "managed",
      "type": "aws_security_group_rule",
      "name": "workers_ingress_cluster_https",
      "provider": "provider[\"registry.terraform.io/hashicorp/aws\"]",
      "instances": [
        {
          "index_key": 0,
          "schema_version": 2,
          "attributes": {
            "cidr_blocks": null,
            "description": "Allow pods running extension API servers on port 443 to receive communication from cluster control plane.",
            "from_port": 443,
            "id": "sgrule-3943178857",
            "ipv6_cidr_blocks": null,
            "prefix_list_ids": null,
            "protocol": "tcp",
            "security_group_id": "sg-0f9b1b6a530201530",
            "self": false,
            "source_security_group_id": "sg-02706e4d5310b9eb4",
            "to_port": 443,
            "type": "ingress"
          },
          "sensitive_attributes": [],
          "private": "eyJzY2hlbWFfdmVyc2lvbiI6IjIifQ==",
          "dependencies": [
            "module.eks_cluster.aws_security_group.cluster",
            "module.eks_cluster.aws_security_group.workers",
            "module.vpc.aws_vpc.this"
          ]
        }
      ]
    },
    {
      "module": "module.eks_cluster",
      "mode": "managed",
      "type": "aws_security_group_rule",
      "name": "workers_ingress_self",
      "provider": "provider[\"registry.terraform.io/hashicorp/aws\"]",
      "instances": [
        {
          "index_key": 0,
          "schema_version": 2,
          "attributes": {
            "cidr_blocks": null,
            "description": "Allow node to communicate with each other.",
            "from_port": 0,
            "id": "sgrule-2466273494",
            "ipv6_cidr_blocks": null,
            "prefix_list_ids": null,
            "protocol": "-1",
            "security_group_id": "sg-0f9b1b6a530201530",
            "self": false,
            "source_security_group_id": "sg-0f9b1b6a530201530",
            "to_port": 65535,
            "type": "ingress"
          },
          "sensitive_attributes": [],
          "private": "eyJzY2hlbWFfdmVyc2lvbiI6IjIifQ==",
          "dependencies": [
            "module.eks_cluster.aws_security_group.workers",
            "module.vpc.aws_vpc.this"
          ]
        }
      ]
    },
    {
      "module": "module.eks_cluster",
      "mode": "managed",
      "type": "kubernetes_config_map",
      "name": "aws_auth",
      "provider": "provider[\"registry.terraform.io/hashicorp/kubernetes\"]",
      "instances": [
        {
          "index_key": 0,
          "schema_version": 0,
          "attributes": {
            "binary_data": null,
            "data": {
              "mapAccounts": "[]\n",
              "mapRoles": "- \"groups\":\n  - \"system:bootstrappers\"\n  - \"system:nodes\"\n  \"rolearn\": \"arn:aws:iam::721151659829:role/eks-zakapay-dev2021111211545110850000000c\"\n  \"username\": \"system:node:{{EC2PrivateDNSName}}\"\n- \"groups\":\n  - \"system:masters\"\n  \"rolearn\": \"arn:aws:iam::721151659829:eks-zakapay-dev-role-account\"\n  \"username\": \"role1\"\n",
              "mapUsers": "[]\n"
            },
            "id": "kube-system/aws-auth",
            "metadata": [
              {
                "annotations": null,
                "generate_name": "",
                "generation": 0,
                "labels": {
                  "app.kubernetes.io/managed-by": "Terraform",
                  "terraform.io/module": "terraform-aws-modules.eks.aws"
                },
                "name": "aws-auth",
                "namespace": "kube-system",
                "resource_version": "706",
                "uid": "3e8c92bc-0197-40b9-9abc-fdba54720f95"
              }
            ]
          },
          "sensitive_attributes": [],
          "private": "bnVsbA==",
          "dependencies": [
            "aws_iam_role.eks-assume-role",
            "aws_key_pair.deployer",
            "aws_launch_template.worker",
            "data.aws_ami.eks_ami",
            "data.aws_availability_zones.available",
            "data.aws_caller_identity.current",
            "data.aws_eks_cluster.cluster",
            "data.aws_eks_cluster_auth.cluster",
            "data.aws_iam_policy_document.eks-assume-role-policy",
            "module.eks_cluster.aws_cloudwatch_log_group.this",
            "module.eks_cluster.aws_eks_cluster.this",
            "module.eks_cluster.aws_iam_instance_profile.workers",
            "module.eks_cluster.aws_iam_instance_profile.workers_launch_template",
            "module.eks_cluster.aws_iam_role.cluster",
            "module.eks_cluster.aws_iam_role.workers",
            "module.eks_cluster.aws_iam_role_policy_attachment.cluster_AmazonEKSClusterPolicy",
            "module.eks_cluster.aws_iam_role_policy_attachment.cluster_AmazonEKSServicePolicy",
            "module.eks_cluster.aws_iam_role_policy_attachment.cluster_AmazonEKSVPCResourceControllerPolicy",
            "module.eks_cluster.aws_security_group.cluster",
            "module.eks_cluster.aws_security_group.workers",
            "module.eks_cluster.aws_security_group_rule.cluster_egress_internet",
            "module.eks_cluster.aws_security_group_rule.cluster_https_worker_ingress",
            "module.eks_cluster.aws_security_group_rule.cluster_private_access_cidrs_source",
            "module.eks_cluster.aws_security_group_rule.cluster_private_access_sg_source",
            "module.eks_cluster.data.aws_ami.eks_worker",
            "module.eks_cluster.data.aws_ami.eks_worker_windows",
            "module.eks_cluster.data.aws_caller_identity.current",
            "module.eks_cluster.data.aws_iam_instance_profile.custom_worker_group_iam_instance_profile",
            "module.eks_cluster.data.aws_iam_instance_profile.custom_worker_group_launch_template_iam_instance_profile",
            "module.eks_cluster.data.aws_iam_policy_document.cluster_assume_role_policy",
            "module.eks_cluster.data.aws_iam_policy_document.workers_assume_role_policy",
            "module.eks_cluster.data.aws_iam_role.custom_cluster_iam_role",
            "module.eks_cluster.data.aws_partition.current",
            "module.eks_cluster.data.http.wait_for_cluster",
            "module.eks_cluster.module.fargate.aws_iam_role.eks_fargate_pod",
            "module.eks_cluster.module.fargate.data.aws_iam_role.custom_fargate_iam_role",
            "module.vpc.aws_subnet.public",
            "module.vpc.aws_vpc.this",
            "module.vpc.aws_vpc_ipv4_cidr_block_association.this",
            "random_pet.this"
          ],
          "create_before_destroy": true
        }
      ]
    },
    {
      "module": "module.eks_cluster",
      "mode": "managed",
      "type": "local_file",
      "name": "kubeconfig",
      "provider": "provider[\"registry.terraform.io/hashicorp/local\"]",
      "instances": [
        {
          "index_key": 0,
          "schema_version": 0,
          "attributes": {
            "content": "apiVersion: v1\npreferences: {}\nkind: Config\n\nclusters:\n- cluster:\n    server: https://6E3CEE1B1F7670249C569B9AEC0EE37F.yl4.eu-west-1.eks.amazonaws.com\n    certificate-authority-data: LS0tLS1CRUdJTiBDRVJUSUZJQ0FURS0tLS0tCk1JSUM1ekNDQWMrZ0F3SUJBZ0lCQURBTkJna3Foa2lHOXcwQkFRc0ZBREFWTVJNd0VRWURWUVFERXdwcmRXSmwKY201bGRHVnpNQjRYRFRJeE1URXhNakV4TlRBMU5Gb1hEVE14TVRFeE1ERXhOVEExTkZvd0ZURVRNQkVHQTFVRQpBeE1LYTNWaVpYSnVaWFJsY3pDQ0FTSXdEUVlKS29aSWh2Y05BUUVCQlFBRGdnRVBBRENDQVFvQ2dnRUJBT1JGCk9FZVFuTW44bjdWa2h6a2ExMDV3MEFqT2VNaVAwbi9XbGNkUGtSRjlwazZ1MHNEa0hGUStCcnYweXMwRnJtNVEKU2xqMGVCcFFvVHM3by8vem8xWHlLVVY3Zm9VdXNlbXBINjE0TGZGdW9EaW1uK3NJeEcyQUpzMXpqeUtFUTgwZQpsOVVYVEpMK1k1RlNvRXFuYlZTU2c0WnJFcWNmb0xFdWwwaE9JQkt4N1NqbkIycU95dlJtSjlweEpGVXNwWGk4CldIK1oyTVduSHBLNTRjeitCdmNxa3dZd2lZQTFJSTA3SUhtbENJTnd5MDh0TTFiNE52MmVzNW5WcE4rN2Fac2MKSDFpeTZydHJtNHlzbzArdlQyeWRwWUJYMDVFbVp2VFNsTys1cytUVjhNZlNyNXcvZWlDVWdQWk9vV2tpOFc4UQpsZTlTOHIxZ3V2YlB0M3J4Y2swQ0F3RUFBYU5DTUVBd0RnWURWUjBQQVFIL0JBUURBZ0trTUE4R0ExVWRFd0VCCi93UUZNQU1CQWY4d0hRWURWUjBPQkJZRUZKbG9ONUxreHMvemw4MThvUjBqRlVaaHNQOE5NQTBHQ1NxR1NJYjMKRFFFQkN3VUFBNElCQVFESE5QbWpucDBmdkZFNW5QbVJPUWtlRWdFV2ZRME1jLzNzL0ZITWttU0VyMDh2V3ROWAovL3k0ZnlSM25yZEpVa1FDd3VPQU9QUkZhaWpVRVN1VTRSOWEvOEhyb1diYU5zTkoyQTFkZVAvelA1VlVRclBzCnlobVVWSU8yTlJkQnhNQzROZFdyYXJwZGlOWUtDYmN6cTdmejRTMVk1R3hVOE5KamswNFpXRUk2N2NSdFN5VEIKUCs4RWRtQlYrMVZhUDFYcEVIWGVSSmkzS3NGcWZDYlQ4RndabzNDMFNsd3hEbXZLd2graXJpdGRxLzZvUCtvUApIbFVoUWF2T1NMSDd4TkhQeDl0bTBUTUF4S3ZxVlNtYVRaSjkxSmppckRyeFZ2N1lYLzBJR3gwejBBSDFtQWhLCnhqYm45ajExcGFndzc4Rlp1VElSdjlsMXFuRWlrUitmcGpRRAotLS0tLUVORCBDRVJUSUZJQ0FURS0tLS0tCg==\n  name: eks_eks-zakapay-dev\n\ncontexts:\n- context:\n    cluster: eks_eks-zakapay-dev\n    user: eks_eks-zakapay-dev\n  name: eks_eks-zakapay-dev\n\ncurrent-context: eks_eks-zakapay-dev\n\nusers:\n- name: eks_eks-zakapay-dev\n  user:\n    exec:\n      apiVersion: client.authentication.k8s.io/v1alpha1\n      command: aws-iam-authenticator\n      args:\n        - \"token\"\n        - \"-i\"\n        - \"eks-zakapay-dev\"\n",
            "content_base64": null,
            "directory_permission": "0755",
            "file_permission": "0600",
            "filename": "./kubeconfig_eks-zakapay-dev",
            "id": "7e25dfd1dee19a4b3a8964df962e15bd86bf46bd",
            "sensitive_content": null,
            "source": null
          },
          "sensitive_attributes": [],
          "private": "bnVsbA==",
          "dependencies": [
            "data.aws_availability_zones.available",
            "module.eks_cluster.aws_cloudwatch_log_group.this",
            "module.eks_cluster.aws_eks_cluster.this",
            "module.eks_cluster.aws_iam_role.cluster",
            "module.eks_cluster.aws_iam_role_policy_attachment.cluster_AmazonEKSClusterPolicy",
            "module.eks_cluster.aws_iam_role_policy_attachment.cluster_AmazonEKSServicePolicy",
            "module.eks_cluster.aws_iam_role_policy_attachment.cluster_AmazonEKSVPCResourceControllerPolicy",
            "module.eks_cluster.aws_security_group.cluster",
            "module.eks_cluster.aws_security_group.workers",
            "module.eks_cluster.aws_security_group_rule.cluster_egress_internet",
            "module.eks_cluster.aws_security_group_rule.cluster_https_worker_ingress",
            "module.eks_cluster.data.aws_iam_policy_document.cluster_assume_role_policy",
            "module.eks_cluster.data.aws_iam_role.custom_cluster_iam_role",
            "module.eks_cluster.data.aws_partition.current",
            "module.vpc.aws_subnet.public",
            "module.vpc.aws_vpc.this",
            "module.vpc.aws_vpc_ipv4_cidr_block_association.this"
          ]
        }
      ]
    },
    {
      "module": "module.eks_cluster.module.fargate",
      "mode": "data",
      "type": "aws_partition",
      "name": "current",
      "provider": "provider[\"registry.terraform.io/hashicorp/aws\"]",
      "instances": [
        {
          "schema_version": 0,
          "attributes": {
            "dns_suffix": "amazonaws.com",
            "id": "aws",
            "partition": "aws",
            "reverse_dns_prefix": "com.amazonaws"
          },
          "sensitive_attributes": []
        }
      ]
    },
    {
      "module": "module.eks_cluster.module.node_groups",
      "mode": "managed",
      "type": "aws_eks_node_group",
      "name": "workers",
      "provider": "provider[\"registry.terraform.io/hashicorp/aws\"]",
      "instances": [
        {
          "index_key": "workers-1",
          "status": "tainted",
          "schema_version": 0,
          "attributes": {
            "ami_type": null,
            "arn": null,
            "capacity_type": null,
            "cluster_name": "eks-zakapay-dev",
            "disk_size": null,
            "force_update_version": null,
            "id": "eks-zakapay-dev:eks-zakapay-dev-workers-intent-mollusk-group",
            "instance_types": [],
            "labels": null,
            "launch_template": [
              {
                "id": "lt-0651909f6f4d83af1",
                "name": "",
                "version": "1"
              }
            ],
            "node_group_name": "eks-zakapay-dev-workers-intent-mollusk-group",
            "node_group_name_prefix": null,
            "node_role_arn": "arn:aws:iam::721151659829:role/eks-zakapay-dev2021111211545110850000000c",
            "release_version": null,
            "remote_access": [],
            "resources": null,
            "scaling_config": [
              {
                "desired_size": 1,
                "max_size": 2,
                "min_size": 1
              }
            ],
            "status": null,
            "subnet_ids": [
              "subnet-042cfd27b22843f4f",
              "subnet-0868d1b429502e189",
              "subnet-094a42163094eefc1"
            ],
            "tags": {
              "Environment": "default",
              "ManagedBy": "terraform",
              "Owner": "UD",
              "Project": "Project-zakapay-dev"
            },
            "tags_all": {
              "Environment": "default",
              "ManagedBy": "terraform",
              "Owner": "UD",
              "Project": "Project-zakapay-dev"
            },
            "taint": [],
            "timeouts": {
              "create": null,
              "delete": null,
              "update": null
            },
            "update_config": null,
            "version": null
          },
          "sensitive_attributes": [],
          "private": "eyJlMmJmYjczMC1lY2FhLTExZTYtOGY4OC0zNDM2M2JjN2M0YzAiOnsiY3JlYXRlIjozNjAwMDAwMDAwMDAwLCJkZWxldGUiOjM2MDAwMDAwMDAwMDAsInVwZGF0ZSI6MzYwMDAwMDAwMDAwMH19",
          "dependencies": [
            "aws_iam_role.eks-assume-role",
            "aws_key_pair.deployer",
            "aws_launch_template.worker",
            "data.aws_ami.eks_ami",
            "data.aws_availability_zones.available",
            "data.aws_caller_identity.current",
            "data.aws_eks_cluster.cluster",
            "data.aws_eks_cluster_auth.cluster",
            "data.aws_iam_policy_document.eks-assume-role-policy",
            "module.eks_cluster.aws_cloudwatch_log_group.this",
            "module.eks_cluster.aws_eks_cluster.this",
            "module.eks_cluster.aws_iam_instance_profile.workers",
            "module.eks_cluster.aws_iam_instance_profile.workers_launch_template",
            "module.eks_cluster.aws_iam_role.cluster",
            "module.eks_cluster.aws_iam_role.workers",
            "module.eks_cluster.aws_iam_role_policy_attachment.cluster_AmazonEKSClusterPolicy",
            "module.eks_cluster.aws_iam_role_policy_attachment.cluster_AmazonEKSServicePolicy",
            "module.eks_cluster.aws_iam_role_policy_attachment.cluster_AmazonEKSVPCResourceControllerPolicy",
            "module.eks_cluster.aws_iam_role_policy_attachment.workers_AmazonEC2ContainerRegistryReadOnly",
            "module.eks_cluster.aws_iam_role_policy_attachment.workers_AmazonEKSWorkerNodePolicy",
            "module.eks_cluster.aws_iam_role_policy_attachment.workers_AmazonEKS_CNI_Policy",
            "module.eks_cluster.aws_security_group.cluster",
            "module.eks_cluster.aws_security_group.workers",
            "module.eks_cluster.aws_security_group_rule.cluster_egress_internet",
            "module.eks_cluster.aws_security_group_rule.cluster_https_worker_ingress",
            "module.eks_cluster.aws_security_group_rule.cluster_private_access_cidrs_source",
            "module.eks_cluster.aws_security_group_rule.cluster_private_access_sg_source",
            "module.eks_cluster.data.aws_ami.eks_worker",
            "module.eks_cluster.data.aws_ami.eks_worker_windows",
            "module.eks_cluster.data.aws_caller_identity.current",
            "module.eks_cluster.data.aws_iam_instance_profile.custom_worker_group_iam_instance_profile",
            "module.eks_cluster.data.aws_iam_instance_profile.custom_worker_group_launch_template_iam_instance_profile",
            "module.eks_cluster.data.aws_iam_policy_document.cluster_assume_role_policy",
            "module.eks_cluster.data.aws_iam_policy_document.workers_assume_role_policy",
            "module.eks_cluster.data.aws_iam_role.custom_cluster_iam_role",
            "module.eks_cluster.data.aws_partition.current",
            "module.eks_cluster.data.http.wait_for_cluster",
            "module.eks_cluster.kubernetes_config_map.aws_auth",
            "module.eks_cluster.module.fargate.aws_iam_role.eks_fargate_pod",
            "module.eks_cluster.module.fargate.data.aws_iam_role.custom_fargate_iam_role",
            "module.eks_cluster.module.node_groups.aws_launch_template.workers",
            "module.vpc.aws_subnet.public",
            "module.vpc.aws_vpc.this",
            "module.vpc.aws_vpc_ipv4_cidr_block_association.this",
            "random_pet.this"
          ],
          "create_before_destroy": true
        }
      ]
    },
    {
      "module": "module.eks_cluster.module.node_groups",
      "mode": "managed",
      "type": "aws_launch_template",
      "name": "workers",
      "provider": "provider[\"registry.terraform.io/hashicorp/aws\"]",
      "instances": []
    },
    {
      "module": "module.vpc",
      "mode": "managed",
      "type": "aws_internet_gateway",
      "name": "this",
      "provider": "provider[\"registry.terraform.io/hashicorp/aws\"]",
      "instances": [
        {
          "index_key": 0,
          "schema_version": 0,
          "attributes": {
            "arn": "arn:aws:ec2:eu-west-1:721151659829:internet-gateway/igw-0e1156de605cc6b9d",
            "id": "igw-0e1156de605cc6b9d",
            "owner_id": "721151659829",
            "tags": {
              "Name": "zakapay-dev-vpc",
              "kubernetes.io/cluster/eks-zakapay-dev": "shared"
            },
            "tags_all": {
              "Name": "zakapay-dev-vpc",
              "kubernetes.io/cluster/eks-zakapay-dev": "shared"
            },
            "vpc_id": "vpc-0a4b6f51570ace739"
          },
          "sensitive_attributes": [],
          "private": "bnVsbA==",
          "dependencies": [
            "module.vpc.aws_vpc.this",
            "module.vpc.aws_vpc_ipv4_cidr_block_association.this"
          ]
        }
      ]
    },
    {
      "module": "module.vpc",
      "mode": "managed",
      "type": "aws_route",
      "name": "public_internet_gateway",
      "provider": "provider[\"registry.terraform.io/hashicorp/aws\"]",
      "instances": [
        {
          "index_key": 0,
          "schema_version": 0,
          "attributes": {
            "carrier_gateway_id": "",
            "destination_cidr_block": "0.0.0.0/0",
            "destination_ipv6_cidr_block": "",
            "destination_prefix_list_id": "",
            "egress_only_gateway_id": "",
            "gateway_id": "igw-0e1156de605cc6b9d",
            "id": "r-rtb-09a1c24c4f2a77dec1080289494",
            "instance_id": "",
            "instance_owner_id": "",
            "local_gateway_id": "",
            "nat_gateway_id": "",
            "network_interface_id": "",
            "origin": "CreateRoute",
            "route_table_id": "rtb-09a1c24c4f2a77dec",
            "state": "active",
            "timeouts": {
              "create": "5m",
              "delete": null,
              "update": null
            },
            "transit_gateway_id": "",
            "vpc_endpoint_id": "",
            "vpc_peering_connection_id": ""
          },
          "sensitive_attributes": [],
          "private": "eyJlMmJmYjczMC1lY2FhLTExZTYtOGY4OC0zNDM2M2JjN2M0YzAiOnsiY3JlYXRlIjozMDAwMDAwMDAwMDAsImRlbGV0ZSI6MzAwMDAwMDAwMDAwLCJ1cGRhdGUiOjEyMDAwMDAwMDAwMH19",
          "dependencies": [
            "module.vpc.aws_internet_gateway.this",
            "module.vpc.aws_route_table.public",
            "module.vpc.aws_vpc.this",
            "module.vpc.aws_vpc_ipv4_cidr_block_association.this"
          ]
        }
      ]
    },
    {
      "module": "module.vpc",
      "mode": "managed",
      "type": "aws_route_table",
      "name": "private",
      "provider": "provider[\"registry.terraform.io/hashicorp/aws\"]",
      "instances": [
        {
          "index_key": 0,
          "schema_version": 0,
          "attributes": {
            "arn": "arn:aws:ec2:eu-west-1:721151659829:route-table/rtb-064ee0d511974f8e6",
            "id": "rtb-064ee0d511974f8e6",
            "owner_id": "721151659829",
            "propagating_vgws": [],
            "route": [],
            "tags": {
              "Name": "zakapay-dev-vpc-private-eu-west-1a",
              "kubernetes.io/cluster/eks-zakapay-dev": "shared"
            },
            "tags_all": {
              "Name": "zakapay-dev-vpc-private-eu-west-1a",
              "kubernetes.io/cluster/eks-zakapay-dev": "shared"
            },
            "timeouts": null,
            "vpc_id": "vpc-0a4b6f51570ace739"
          },
          "sensitive_attributes": [],
          "private": "eyJlMmJmYjczMC1lY2FhLTExZTYtOGY4OC0zNDM2M2JjN2M0YzAiOnsiY3JlYXRlIjoxMjAwMDAwMDAwMDAsImRlbGV0ZSI6MzAwMDAwMDAwMDAwLCJ1cGRhdGUiOjEyMDAwMDAwMDAwMH19",
          "dependencies": [
            "data.aws_availability_zones.available",
            "module.vpc.aws_vpc.this",
            "module.vpc.aws_vpc_ipv4_cidr_block_association.this"
          ]
        },
        {
          "index_key": 1,
          "schema_version": 0,
          "attributes": {
            "arn": "arn:aws:ec2:eu-west-1:721151659829:route-table/rtb-0e5a20ad96f8e8edf",
            "id": "rtb-0e5a20ad96f8e8edf",
            "owner_id": "721151659829",
            "propagating_vgws": [],
            "route": [],
            "tags": {
              "Name": "zakapay-dev-vpc-private-eu-west-1b",
              "kubernetes.io/cluster/eks-zakapay-dev": "shared"
            },
            "tags_all": {
              "Name": "zakapay-dev-vpc-private-eu-west-1b",
              "kubernetes.io/cluster/eks-zakapay-dev": "shared"
            },
            "timeouts": null,
            "vpc_id": "vpc-0a4b6f51570ace739"
          },
          "sensitive_attributes": [],
          "private": "eyJlMmJmYjczMC1lY2FhLTExZTYtOGY4OC0zNDM2M2JjN2M0YzAiOnsiY3JlYXRlIjoxMjAwMDAwMDAwMDAsImRlbGV0ZSI6MzAwMDAwMDAwMDAwLCJ1cGRhdGUiOjEyMDAwMDAwMDAwMH19",
          "dependencies": [
            "data.aws_availability_zones.available",
            "module.vpc.aws_vpc.this",
            "module.vpc.aws_vpc_ipv4_cidr_block_association.this"
          ]
        },
        {
          "index_key": 2,
          "schema_version": 0,
          "attributes": {
            "arn": "arn:aws:ec2:eu-west-1:721151659829:route-table/rtb-0fcee264bc13f64e3",
            "id": "rtb-0fcee264bc13f64e3",
            "owner_id": "721151659829",
            "propagating_vgws": [],
            "route": [],
            "tags": {
              "Name": "zakapay-dev-vpc-private-eu-west-1c",
              "kubernetes.io/cluster/eks-zakapay-dev": "shared"
            },
            "tags_all": {
              "Name": "zakapay-dev-vpc-private-eu-west-1c",
              "kubernetes.io/cluster/eks-zakapay-dev": "shared"
            },
            "timeouts": null,
            "vpc_id": "vpc-0a4b6f51570ace739"
          },
          "sensitive_attributes": [],
          "private": "eyJlMmJmYjczMC1lY2FhLTExZTYtOGY4OC0zNDM2M2JjN2M0YzAiOnsiY3JlYXRlIjoxMjAwMDAwMDAwMDAsImRlbGV0ZSI6MzAwMDAwMDAwMDAwLCJ1cGRhdGUiOjEyMDAwMDAwMDAwMH19",
          "dependencies": [
            "data.aws_availability_zones.available",
            "module.vpc.aws_vpc.this",
            "module.vpc.aws_vpc_ipv4_cidr_block_association.this"
          ]
        }
      ]
    },
    {
      "module": "module.vpc",
      "mode": "managed",
      "type": "aws_route_table",
      "name": "public",
      "provider": "provider[\"registry.terraform.io/hashicorp/aws\"]",
      "instances": [
        {
          "index_key": 0,
          "schema_version": 0,
          "attributes": {
            "arn": "arn:aws:ec2:eu-west-1:721151659829:route-table/rtb-09a1c24c4f2a77dec",
            "id": "rtb-09a1c24c4f2a77dec",
            "owner_id": "721151659829",
            "propagating_vgws": [],
            "route": [],
            "tags": {
              "Name": "zakapay-dev-vpc-public",
              "kubernetes.io/cluster/eks-zakapay-dev": "shared"
            },
            "tags_all": {
              "Name": "zakapay-dev-vpc-public",
              "kubernetes.io/cluster/eks-zakapay-dev": "shared"
            },
            "timeouts": null,
            "vpc_id": "vpc-0a4b6f51570ace739"
          },
          "sensitive_attributes": [],
          "private": "eyJlMmJmYjczMC1lY2FhLTExZTYtOGY4OC0zNDM2M2JjN2M0YzAiOnsiY3JlYXRlIjoxMjAwMDAwMDAwMDAsImRlbGV0ZSI6MzAwMDAwMDAwMDAwLCJ1cGRhdGUiOjEyMDAwMDAwMDAwMH19",
          "dependencies": [
            "module.vpc.aws_vpc.this",
            "module.vpc.aws_vpc_ipv4_cidr_block_association.this"
          ]
        }
      ]
    },
    {
      "module": "module.vpc",
      "mode": "managed",
      "type": "aws_route_table_association",
      "name": "private",
      "provider": "provider[\"registry.terraform.io/hashicorp/aws\"]",
      "instances": [
        {
          "index_key": 0,
          "schema_version": 0,
          "attributes": {
            "gateway_id": "",
            "id": "rtbassoc-04b152cdd2b09633e",
            "route_table_id": "rtb-064ee0d511974f8e6",
            "subnet_id": "subnet-08af94fc0d8811a38"
          },
          "sensitive_attributes": [],
          "private": "bnVsbA==",
          "dependencies": [
            "data.aws_availability_zones.available",
            "module.vpc.aws_route_table.private",
            "module.vpc.aws_subnet.private",
            "module.vpc.aws_vpc.this",
            "module.vpc.aws_vpc_ipv4_cidr_block_association.this"
          ]
        },
        {
          "index_key": 1,
          "schema_version": 0,
          "attributes": {
            "gateway_id": "",
            "id": "rtbassoc-026568552641b7345",
            "route_table_id": "rtb-0e5a20ad96f8e8edf",
            "subnet_id": "subnet-0f42849beb42c6d82"
          },
          "sensitive_attributes": [],
          "private": "bnVsbA==",
          "dependencies": [
            "data.aws_availability_zones.available",
            "module.vpc.aws_route_table.private",
            "module.vpc.aws_subnet.private",
            "module.vpc.aws_vpc.this",
            "module.vpc.aws_vpc_ipv4_cidr_block_association.this"
          ]
        },
        {
          "index_key": 2,
          "schema_version": 0,
          "attributes": {
            "gateway_id": "",
            "id": "rtbassoc-0d0cb88183331b4ac",
            "route_table_id": "rtb-0fcee264bc13f64e3",
            "subnet_id": "subnet-0105f98e4b18b4ac6"
          },
          "sensitive_attributes": [],
          "private": "bnVsbA==",
          "dependencies": [
            "data.aws_availability_zones.available",
            "module.vpc.aws_route_table.private",
            "module.vpc.aws_subnet.private",
            "module.vpc.aws_vpc.this",
            "module.vpc.aws_vpc_ipv4_cidr_block_association.this"
          ]
        }
      ]
    },
    {
      "module": "module.vpc",
      "mode": "managed",
      "type": "aws_route_table_association",
      "name": "public",
      "provider": "provider[\"registry.terraform.io/hashicorp/aws\"]",
      "instances": [
        {
          "index_key": 0,
          "schema_version": 0,
          "attributes": {
            "gateway_id": "",
            "id": "rtbassoc-0c3fe3a711d4df68c",
            "route_table_id": "rtb-09a1c24c4f2a77dec",
            "subnet_id": "subnet-042cfd27b22843f4f"
          },
          "sensitive_attributes": [],
          "private": "bnVsbA==",
          "dependencies": [
            "data.aws_availability_zones.available",
            "module.vpc.aws_route_table.public",
            "module.vpc.aws_subnet.public",
            "module.vpc.aws_vpc.this",
            "module.vpc.aws_vpc_ipv4_cidr_block_association.this"
          ]
        },
        {
          "index_key": 1,
          "schema_version": 0,
          "attributes": {
            "gateway_id": "",
            "id": "rtbassoc-0cf848ceb352d1500",
            "route_table_id": "rtb-09a1c24c4f2a77dec",
            "subnet_id": "subnet-0868d1b429502e189"
          },
          "sensitive_attributes": [],
          "private": "bnVsbA==",
          "dependencies": [
            "data.aws_availability_zones.available",
            "module.vpc.aws_route_table.public",
            "module.vpc.aws_subnet.public",
            "module.vpc.aws_vpc.this",
            "module.vpc.aws_vpc_ipv4_cidr_block_association.this"
          ]
        },
        {
          "index_key": 2,
          "schema_version": 0,
          "attributes": {
            "gateway_id": "",
            "id": "rtbassoc-0a68d62c046314e91",
            "route_table_id": "rtb-09a1c24c4f2a77dec",
            "subnet_id": "subnet-094a42163094eefc1"
          },
          "sensitive_attributes": [],
          "private": "bnVsbA==",
          "dependencies": [
            "data.aws_availability_zones.available",
            "module.vpc.aws_route_table.public",
            "module.vpc.aws_subnet.public",
            "module.vpc.aws_vpc.this",
            "module.vpc.aws_vpc_ipv4_cidr_block_association.this"
          ]
        }
      ]
    },
    {
      "module": "module.vpc",
      "mode": "managed",
      "type": "aws_subnet",
      "name": "private",
      "provider": "provider[\"registry.terraform.io/hashicorp/aws\"]",
      "instances": [
        {
          "index_key": 0,
          "schema_version": 1,
          "attributes": {
            "arn": "arn:aws:ec2:eu-west-1:721151659829:subnet/subnet-08af94fc0d8811a38",
            "assign_ipv6_address_on_creation": false,
            "availability_zone": "eu-west-1a",
            "availability_zone_id": "euw1-az2",
            "cidr_block": "10.0.1.0/24",
            "customer_owned_ipv4_pool": "",
            "id": "subnet-08af94fc0d8811a38",
            "ipv6_cidr_block": "",
            "ipv6_cidr_block_association_id": "",
            "map_customer_owned_ip_on_launch": false,
            "map_public_ip_on_launch": false,
            "outpost_arn": "",
            "owner_id": "721151659829",
            "tags": {
              "Name": "zakapay-dev-vpc-private-eu-west-1a",
              "kubernetes.io/cluster/eks-zakapay-dev": "shared",
              "kubernetes.io/role/internal-elb": "1"
            },
            "tags_all": {
              "Name": "zakapay-dev-vpc-private-eu-west-1a",
              "kubernetes.io/cluster/eks-zakapay-dev": "shared",
              "kubernetes.io/role/internal-elb": "1"
            },
            "timeouts": null,
            "vpc_id": "vpc-0a4b6f51570ace739"
          },
          "sensitive_attributes": [],
          "private": "eyJlMmJmYjczMC1lY2FhLTExZTYtOGY4OC0zNDM2M2JjN2M0YzAiOnsiY3JlYXRlIjo2MDAwMDAwMDAwMDAsImRlbGV0ZSI6MTIwMDAwMDAwMDAwMH0sInNjaGVtYV92ZXJzaW9uIjoiMSJ9",
          "dependencies": [
            "data.aws_availability_zones.available",
            "module.vpc.aws_vpc.this",
            "module.vpc.aws_vpc_ipv4_cidr_block_association.this"
          ]
        },
        {
          "index_key": 1,
          "schema_version": 1,
          "attributes": {
            "arn": "arn:aws:ec2:eu-west-1:721151659829:subnet/subnet-0f42849beb42c6d82",
            "assign_ipv6_address_on_creation": false,
            "availability_zone": "eu-west-1b",
            "availability_zone_id": "euw1-az3",
            "cidr_block": "10.0.2.0/24",
            "customer_owned_ipv4_pool": "",
            "id": "subnet-0f42849beb42c6d82",
            "ipv6_cidr_block": "",
            "ipv6_cidr_block_association_id": "",
            "map_customer_owned_ip_on_launch": false,
            "map_public_ip_on_launch": false,
            "outpost_arn": "",
            "owner_id": "721151659829",
            "tags": {
              "Name": "zakapay-dev-vpc-private-eu-west-1b",
              "kubernetes.io/cluster/eks-zakapay-dev": "shared",
              "kubernetes.io/role/internal-elb": "1"
            },
            "tags_all": {
              "Name": "zakapay-dev-vpc-private-eu-west-1b",
              "kubernetes.io/cluster/eks-zakapay-dev": "shared",
              "kubernetes.io/role/internal-elb": "1"
            },
            "timeouts": null,
            "vpc_id": "vpc-0a4b6f51570ace739"
          },
          "sensitive_attributes": [],
          "private": "eyJlMmJmYjczMC1lY2FhLTExZTYtOGY4OC0zNDM2M2JjN2M0YzAiOnsiY3JlYXRlIjo2MDAwMDAwMDAwMDAsImRlbGV0ZSI6MTIwMDAwMDAwMDAwMH0sInNjaGVtYV92ZXJzaW9uIjoiMSJ9",
          "dependencies": [
            "data.aws_availability_zones.available",
            "module.vpc.aws_vpc.this",
            "module.vpc.aws_vpc_ipv4_cidr_block_association.this"
          ]
        },
        {
          "index_key": 2,
          "schema_version": 1,
          "attributes": {
            "arn": "arn:aws:ec2:eu-west-1:721151659829:subnet/subnet-0105f98e4b18b4ac6",
            "assign_ipv6_address_on_creation": false,
            "availability_zone": "eu-west-1c",
            "availability_zone_id": "euw1-az1",
            "cidr_block": "10.0.3.0/24",
            "customer_owned_ipv4_pool": "",
            "id": "subnet-0105f98e4b18b4ac6",
            "ipv6_cidr_block": "",
            "ipv6_cidr_block_association_id": "",
            "map_customer_owned_ip_on_launch": false,
            "map_public_ip_on_launch": false,
            "outpost_arn": "",
            "owner_id": "721151659829",
            "tags": {
              "Name": "zakapay-dev-vpc-private-eu-west-1c",
              "kubernetes.io/cluster/eks-zakapay-dev": "shared",
              "kubernetes.io/role/internal-elb": "1"
            },
            "tags_all": {
              "Name": "zakapay-dev-vpc-private-eu-west-1c",
              "kubernetes.io/cluster/eks-zakapay-dev": "shared",
              "kubernetes.io/role/internal-elb": "1"
            },
            "timeouts": null,
            "vpc_id": "vpc-0a4b6f51570ace739"
          },
          "sensitive_attributes": [],
          "private": "eyJlMmJmYjczMC1lY2FhLTExZTYtOGY4OC0zNDM2M2JjN2M0YzAiOnsiY3JlYXRlIjo2MDAwMDAwMDAwMDAsImRlbGV0ZSI6MTIwMDAwMDAwMDAwMH0sInNjaGVtYV92ZXJzaW9uIjoiMSJ9",
          "dependencies": [
            "data.aws_availability_zones.available",
            "module.vpc.aws_vpc.this",
            "module.vpc.aws_vpc_ipv4_cidr_block_association.this"
          ]
        }
      ]
    },
    {
      "module": "module.vpc",
      "mode": "managed",
      "type": "aws_subnet",
      "name": "public",
      "provider": "provider[\"registry.terraform.io/hashicorp/aws\"]",
      "instances": [
        {
          "index_key": 0,
          "schema_version": 1,
          "attributes": {
            "arn": "arn:aws:ec2:eu-west-1:721151659829:subnet/subnet-042cfd27b22843f4f",
            "assign_ipv6_address_on_creation": false,
            "availability_zone": "eu-west-1a",
            "availability_zone_id": "euw1-az2",
            "cidr_block": "10.0.4.0/24",
            "customer_owned_ipv4_pool": "",
            "id": "subnet-042cfd27b22843f4f",
            "ipv6_cidr_block": "",
            "ipv6_cidr_block_association_id": "",
            "map_customer_owned_ip_on_launch": false,
            "map_public_ip_on_launch": true,
            "outpost_arn": "",
            "owner_id": "721151659829",
            "tags": {
              "Name": "zakapay-dev-vpc-public-eu-west-1a",
              "kubernetes.io/cluster/eks-zakapay-dev": "shared",
              "kubernetes.io/role/elb": "1"
            },
            "tags_all": {
              "Name": "zakapay-dev-vpc-public-eu-west-1a",
              "kubernetes.io/cluster/eks-zakapay-dev": "shared",
              "kubernetes.io/role/elb": "1"
            },
            "timeouts": null,
            "vpc_id": "vpc-0a4b6f51570ace739"
          },
          "sensitive_attributes": [],
          "private": "eyJlMmJmYjczMC1lY2FhLTExZTYtOGY4OC0zNDM2M2JjN2M0YzAiOnsiY3JlYXRlIjo2MDAwMDAwMDAwMDAsImRlbGV0ZSI6MTIwMDAwMDAwMDAwMH0sInNjaGVtYV92ZXJzaW9uIjoiMSJ9",
          "dependencies": [
            "data.aws_availability_zones.available",
            "module.vpc.aws_vpc.this",
            "module.vpc.aws_vpc_ipv4_cidr_block_association.this"
          ],
          "create_before_destroy": true
        },
        {
          "index_key": 1,
          "schema_version": 1,
          "attributes": {
            "arn": "arn:aws:ec2:eu-west-1:721151659829:subnet/subnet-0868d1b429502e189",
            "assign_ipv6_address_on_creation": false,
            "availability_zone": "eu-west-1b",
            "availability_zone_id": "euw1-az3",
            "cidr_block": "10.0.5.0/24",
            "customer_owned_ipv4_pool": "",
            "id": "subnet-0868d1b429502e189",
            "ipv6_cidr_block": "",
            "ipv6_cidr_block_association_id": "",
            "map_customer_owned_ip_on_launch": false,
            "map_public_ip_on_launch": true,
            "outpost_arn": "",
            "owner_id": "721151659829",
            "tags": {
              "Name": "zakapay-dev-vpc-public-eu-west-1b",
              "kubernetes.io/cluster/eks-zakapay-dev": "shared",
              "kubernetes.io/role/elb": "1"
            },
            "tags_all": {
              "Name": "zakapay-dev-vpc-public-eu-west-1b",
              "kubernetes.io/cluster/eks-zakapay-dev": "shared",
              "kubernetes.io/role/elb": "1"
            },
            "timeouts": null,
            "vpc_id": "vpc-0a4b6f51570ace739"
          },
          "sensitive_attributes": [],
          "private": "eyJlMmJmYjczMC1lY2FhLTExZTYtOGY4OC0zNDM2M2JjN2M0YzAiOnsiY3JlYXRlIjo2MDAwMDAwMDAwMDAsImRlbGV0ZSI6MTIwMDAwMDAwMDAwMH0sInNjaGVtYV92ZXJzaW9uIjoiMSJ9",
          "dependencies": [
            "data.aws_availability_zones.available",
            "module.vpc.aws_vpc.this",
            "module.vpc.aws_vpc_ipv4_cidr_block_association.this"
          ],
          "create_before_destroy": true
        },
        {
          "index_key": 2,
          "schema_version": 1,
          "attributes": {
            "arn": "arn:aws:ec2:eu-west-1:721151659829:subnet/subnet-094a42163094eefc1",
            "assign_ipv6_address_on_creation": false,
            "availability_zone": "eu-west-1c",
            "availability_zone_id": "euw1-az1",
            "cidr_block": "10.0.6.0/24",
            "customer_owned_ipv4_pool": "",
            "id": "subnet-094a42163094eefc1",
            "ipv6_cidr_block": "",
            "ipv6_cidr_block_association_id": "",
            "map_customer_owned_ip_on_launch": false,
            "map_public_ip_on_launch": true,
            "outpost_arn": "",
            "owner_id": "721151659829",
            "tags": {
              "Name": "zakapay-dev-vpc-public-eu-west-1c",
              "kubernetes.io/cluster/eks-zakapay-dev": "shared",
              "kubernetes.io/role/elb": "1"
            },
            "tags_all": {
              "Name": "zakapay-dev-vpc-public-eu-west-1c",
              "kubernetes.io/cluster/eks-zakapay-dev": "shared",
              "kubernetes.io/role/elb": "1"
            },
            "timeouts": null,
            "vpc_id": "vpc-0a4b6f51570ace739"
          },
          "sensitive_attributes": [],
          "private": "eyJlMmJmYjczMC1lY2FhLTExZTYtOGY4OC0zNDM2M2JjN2M0YzAiOnsiY3JlYXRlIjo2MDAwMDAwMDAwMDAsImRlbGV0ZSI6MTIwMDAwMDAwMDAwMH0sInNjaGVtYV92ZXJzaW9uIjoiMSJ9",
          "dependencies": [
            "data.aws_availability_zones.available",
            "module.vpc.aws_vpc.this",
            "module.vpc.aws_vpc_ipv4_cidr_block_association.this"
          ],
          "create_before_destroy": true
        }
      ]
    },
    {
      "module": "module.vpc",
      "mode": "managed",
      "type": "aws_vpc",
      "name": "this",
      "provider": "provider[\"registry.terraform.io/hashicorp/aws\"]",
      "instances": [
        {
          "index_key": 0,
          "schema_version": 1,
          "attributes": {
            "arn": "arn:aws:ec2:eu-west-1:721151659829:vpc/vpc-0a4b6f51570ace739",
            "assign_generated_ipv6_cidr_block": false,
            "cidr_block": "10.0.0.0/16",
            "default_network_acl_id": "acl-06d70a71cb6ffd054",
            "default_route_table_id": "rtb-06e57e213dd9a3108",
            "default_security_group_id": "sg-052ce6963325694e1",
            "dhcp_options_id": "dopt-64524f02",
            "enable_classiclink": false,
            "enable_classiclink_dns_support": false,
            "enable_dns_hostnames": true,
            "enable_dns_support": true,
            "id": "vpc-0a4b6f51570ace739",
            "instance_tenancy": "default",
            "ipv6_association_id": "",
            "ipv6_cidr_block": "",
            "main_route_table_id": "rtb-06e57e213dd9a3108",
            "owner_id": "721151659829",
            "tags": {
              "Name": "zakapay-dev-vpc",
              "kubernetes.io/cluster/eks-zakapay-dev": "shared"
            },
            "tags_all": {
              "Name": "zakapay-dev-vpc",
              "kubernetes.io/cluster/eks-zakapay-dev": "shared"
            }
          },
          "sensitive_attributes": [],
          "private": "eyJzY2hlbWFfdmVyc2lvbiI6IjEifQ==",
          "create_before_destroy": true
        }
      ]
    }
  ]
}
